
Microsoft Visual Studio Solution File, Format Version 12.00
# Visual Studio 15
VisualStudioVersion = 15.0.26730.16
MinimumVisualStudioVersion = 10.0.40219.1
Project("{FAE04EC0-301F-11D3-BF4B-00C04F79EFBC}") = "XfxComboTest.Android", "XfxComboTest\XfxComboTest.Android\XfxComboTest.Android.csproj", "{C43C6557-8AC7-441B-970B-763C297128CD}"
EndProject
Project("{FAE04EC0-301F-11D3-BF4B-00C04F79EFBC}") = "XfxComboTest", "XfxComboTest\XfxComboTest\XfxComboTest.csproj", "{98135FE5-A21B-4C79-AAAD-421A62A96A9D}"
EndProject
Project("{FAE04EC0-301F-11D3-BF4B-00C04F79EFBC}") = "XfxComboTest.UWP", "XfxComboTest\XfxComboTest.UWP\XfxComboTest.UWP.csproj", "{D43E01AB-4968-4C9A-BE40-FAF5DB0652D3}"
EndProject
Project("{FAE04EC0-301F-11D3-BF4B-00C04F79EFBC}") = "XfxComboTest.iOS", "XfxComboTest\XfxComboTest.iOS\XfxComboTest.iOS.csproj", "{D78385CC-2980-44FC-8773-99B55B13C776}"
EndProject
Global
	GlobalSection(SolutionConfigurationPlatforms) = preSolution
		Ad-Hoc|Any CPU = Ad-Hoc|Any CPU
		Ad-Hoc|ARM = Ad-Hoc|ARM
		Ad-Hoc|iPhone = Ad-Hoc|iPhone
		Ad-Hoc|iPhoneSimulator = Ad-Hoc|iPhoneSimulator
		Ad-Hoc|x64 = Ad-Hoc|x64
		Ad-Hoc|x86 = Ad-Hoc|x86
		AppStore|Any CPU = AppStore|Any CPU
		AppStore|ARM = AppStore|ARM
		AppStore|iPhone = AppStore|iPhone
		AppStore|iPhoneSimulator = AppStore|iPhoneSimulator
		AppStore|x64 = AppStore|x64
		AppStore|x86 = AppStore|x86
		Debug|Any CPU = Debug|Any CPU
		Debug|ARM = Debug|ARM
		Debug|iPhone = Debug|iPhone
		Debug|iPhoneSimulator = Debug|iPhoneSimulator
		Debug|x64 = Debug|x64
		Debug|x86 = Debug|x86
		Release|Any CPU = Release|Any CPU
		Release|ARM = Release|ARM
		Release|iPhone = Release|iPhone
		Release|iPhoneSimulator = Release|iPhoneSimulator
		Release|x64 = Release|x64
		Release|x86 = Release|x86
	EndGlobalSection
	GlobalSection(ProjectConfigurationPlatforms) = postSolution
		{C43C6557-8AC7-441B-970B-763C297128CD}.Ad-Hoc|Any CPU.ActiveCfg = Release|Any CPU
		{C43C6557-8AC7-441B-970B-763C297128CD}.Ad-Hoc|Any CPU.Build.0 = Release|Any CPU
		{C43C6557-8AC7-441B-970B-763C297128CD}.Ad-Hoc|Any CPU.Deploy.0 = Release|Any CPU
		{C43C6557-8AC7-441B-970B-763C297128CD}.Ad-Hoc|ARM.ActiveCfg = Release|Any CPU
		{C43C6557-8AC7-441B-970B-763C297128CD}.Ad-Hoc|ARM.Build.0 = Release|Any CPU
		{C43C6557-8AC7-441B-970B-763C297128CD}.Ad-Hoc|ARM.Deploy.0 = Release|Any CPU
		{C43C6557-8AC7-441B-970B-763C297128CD}.Ad-Hoc|iPhone.ActiveCfg = Release|Any CPU
		{C43C6557-8AC7-441B-970B-763C297128CD}.Ad-Hoc|iPhone.Build.0 = Release|Any CPU
		{C43C6557-8AC7-441B-970B-763C297128CD}.Ad-Hoc|iPhone.Deploy.0 = Release|Any CPU
		{C43C6557-8AC7-441B-970B-763C297128CD}.Ad-Hoc|iPhoneSimulator.ActiveCfg = Release|Any CPU
		{C43C6557-8AC7-441B-970B-763C297128CD}.Ad-Hoc|iPhoneSimulator.Build.0 = Release|Any CPU
		{C43C6557-8AC7-441B-970B-763C297128CD}.Ad-Hoc|iPhoneSimulator.Deploy.0 = Release|Any CPU
		{C43C6557-8AC7-441B-970B-763C297128CD}.Ad-Hoc|x64.ActiveCfg = Release|Any CPU
		{C43C6557-8AC7-441B-970B-763C297128CD}.Ad-Hoc|x64.Build.0 = Release|Any CPU
		{C43C6557-8AC7-441B-970B-763C297128CD}.Ad-Hoc|x64.Deploy.0 = Release|Any CPU
		{C43C6557-8AC7-441B-970B-763C297128CD}.Ad-Hoc|x86.ActiveCfg = Release|Any CPU
		{C43C6557-8AC7-441B-970B-763C297128CD}.Ad-Hoc|x86.Build.0 = Release|Any CPU
		{C43C6557-8AC7-441B-970B-763C297128CD}.Ad-Hoc|x86.Deploy.0 = Release|Any CPU
		{C43C6557-8AC7-441B-970B-763C297128CD}.AppStore|Any CPU.ActiveCfg = Release|Any CPU
		{C43C6557-8AC7-441B-970B-763C297128CD}.AppStore|Any CPU.Build.0 = Release|Any CPU
		{C43C6557-8AC7-441B-970B-763C297128CD}.AppStore|Any CPU.Deploy.0 = Release|Any CPU
		{C43C6557-8AC7-441B-970B-763C297128CD}.AppStore|ARM.ActiveCfg = Release|Any CPU
		{C43C6557-8AC7-441B-970B-763C297128CD}.AppStore|ARM.Build.0 = Release|Any CPU
		{C43C6557-8AC7-441B-970B-763C297128CD}.AppStore|ARM.Deploy.0 = Release|Any CPU
		{C43C6557-8AC7-441B-970B-763C297128CD}.AppStore|iPhone.ActiveCfg = Release|Any CPU
		{C43C6557-8AC7-441B-970B-763C297128CD}.AppStore|iPhone.Build.0 = Release|Any CPU
		{C43C6557-8AC7-441B-970B-763C297128CD}.AppStore|iPhone.Deploy.0 = Release|Any CPU
		{C43C6557-8AC7-441B-970B-763C297128CD}.AppStore|iPhoneSimulator.ActiveCfg = Release|Any CPU
		{C43C6557-8AC7-441B-970B-763C297128CD}.AppStore|iPhoneSimulator.Build.0 = Release|Any CPU
		{C43C6557-8AC7-441B-970B-763C297128CD}.AppStore|iPhoneSimulator.Deploy.0 = Release|Any CPU
		{C43C6557-8AC7-441B-970B-763C297128CD}.AppStore|x64.ActiveCfg = Release|Any CPU
		{C43C6557-8AC7-441B-970B-763C297128CD}.AppStore|x64.Build.0 = Release|Any CPU
		{C43C6557-8AC7-441B-970B-763C297128CD}.AppStore|x64.Deploy.0 = Release|Any CPU
		{C43C6557-8AC7-441B-970B-763C297128CD}.AppStore|x86.ActiveCfg = Release|Any CPU
		{C43C6557-8AC7-441B-970B-763C297128CD}.AppStore|x86.Build.0 = Release|Any CPU
		{C43C6557-8AC7-441B-970B-763C297128CD}.AppStore|x86.Deploy.0 = Release|Any CPU
		{C43C6557-8AC7-441B-970B-763C297128CD}.Debug|Any CPU.ActiveCfg = Debug|Any CPU
		{C43C6557-8AC7-441B-970B-763C297128CD}.Debug|Any CPU.Build.0 = Debug|Any CPU
		{C43C6557-8AC7-441B-970B-763C297128CD}.Debug|Any CPU.Deploy.0 = Debug|Any CPU
		{C43C6557-8AC7-441B-970B-763C297128CD}.Debug|ARM.ActiveCfg = Debug|Any CPU
		{C43C6557-8AC7-441B-970B-763C297128CD}.Debug|ARM.Build.0 = Debug|Any CPU
		{C43C6557-8AC7-441B-970B-763C297128CD}.Debug|ARM.Deploy.0 = Debug|Any CPU
		{C43C6557-8AC7-441B-970B-763C297128CD}.Debug|iPhone.ActiveCfg = Debug|Any CPU
		{C43C6557-8AC7-441B-970B-763C297128CD}.Debug|iPhone.Build.0 = Debug|Any CPU
		{C43C6557-8AC7-441B-970B-763C297128CD}.Debug|iPhone.Deploy.0 = Debug|Any CPU
		{C43C6557-8AC7-441B-970B-763C297128CD}.Debug|iPhoneSimulator.ActiveCfg = Debug|Any CPU
		{C43C6557-8AC7-441B-970B-763C297128CD}.Debug|iPhoneSimulator.Build.0 = Debug|Any CPU
		{C43C6557-8AC7-441B-970B-763C297128CD}.Debug|iPhoneSimulator.Deploy.0 = Debug|Any CPU
		{C43C6557-8AC7-441B-970B-763C297128CD}.Debug|x64.ActiveCfg = Debug|Any CPU
		{C43C6557-8AC7-441B-970B-763C297128CD}.Debug|x64.Build.0 = Debug|Any CPU
		{C43C6557-8AC7-441B-970B-763C297128CD}.Debug|x64.Deploy.0 = Debug|Any CPU
		{C43C6557-8AC7-441B-970B-763C297128CD}.Debug|x86.ActiveCfg = Debug|Any CPU
		{C43C6557-8AC7-441B-970B-763C297128CD}.Debug|x86.Build.0 = Debug|Any CPU
		{C43C6557-8AC7-441B-970B-763C297128CD}.Debug|x86.Deploy.0 = Debug|Any CPU
		{C43C6557-8AC7-441B-970B-763C297128CD}.Release|Any CPU.ActiveCfg = Release|Any CPU
		{C43C6557-8AC7-441B-970B-763C297128CD}.Release|Any CPU.Build.0 = Release|Any CPU
		{C43C6557-8AC7-441B-970B-763C297128CD}.Release|Any CPU.Deploy.0 = Release|Any CPU
		{C43C6557-8AC7-441B-970B-763C297128CD}.Release|ARM.ActiveCfg = Release|Any CPU
		{C43C6557-8AC7-441B-970B-763C297128CD}.Release|ARM.Build.0 = Release|Any CPU
		{C43C6557-8AC7-441B-970B-763C297128CD}.Release|ARM.Deploy.0 = Release|Any CPU
		{C43C6557-8AC7-441B-970B-763C297128CD}.Release|iPhone.ActiveCfg = Release|Any CPU
		{C43C6557-8AC7-441B-970B-763C297128CD}.Release|iPhone.Build.0 = Release|Any CPU
		{C43C6557-8AC7-441B-970B-763C297128CD}.Release|iPhone.Deploy.0 = Release|Any CPU
		{C43C6557-8AC7-441B-970B-763C297128CD}.Release|iPhoneSimulator.ActiveCfg = Release|Any CPU
		{C43C6557-8AC7-441B-970B-763C297128CD}.Release|iPhoneSimulator.Build.0 = Release|Any CPU
		{C43C6557-8AC7-441B-970B-763C297128CD}.Release|iPhoneSimulator.Deploy.0 = Release|Any CPU
		{C43C6557-8AC7-441B-970B-763C297128CD}.Release|x64.ActiveCfg = Release|Any CPU
		{C43C6557-8AC7-441B-970B-763C297128CD}.Release|x64.Build.0 = Release|Any CPU
		{C43C6557-8AC7-441B-970B-763C297128CD}.Release|x64.Deploy.0 = Release|Any CPU
		{C43C6557-8AC7-441B-970B-763C297128CD}.Release|x86.ActiveCfg = Release|Any CPU
		{C43C6557-8AC7-441B-970B-763C297128CD}.Release|x86.Build.0 = Release|Any CPU
		{C43C6557-8AC7-441B-970B-763C297128CD}.Release|x86.Deploy.0 = Release|Any CPU
		{98135FE5-A21B-4C79-AAAD-421A62A96A9D}.Ad-Hoc|Any CPU.ActiveCfg = Release|Any CPU
		{98135FE5-A21B-4C79-AAAD-421A62A96A9D}.Ad-Hoc|Any CPU.Build.0 = Release|Any CPU
		{98135FE5-A21B-4C79-AAAD-421A62A96A9D}.Ad-Hoc|ARM.ActiveCfg = Release|Any CPU
		{98135FE5-A21B-4C79-AAAD-421A62A96A9D}.Ad-Hoc|ARM.Build.0 = Release|Any CPU
		{98135FE5-A21B-4C79-AAAD-421A62A96A9D}.Ad-Hoc|iPhone.ActiveCfg = Release|Any CPU
		{98135FE5-A21B-4C79-AAAD-421A62A96A9D}.Ad-Hoc|iPhone.Build.0 = Release|Any CPU
		{98135FE5-A21B-4C79-AAAD-421A62A96A9D}.Ad-Hoc|iPhoneSimulator.ActiveCfg = Release|Any CPU
		{98135FE5-A21B-4C79-AAAD-421A62A96A9D}.Ad-Hoc|iPhoneSimulator.Build.0 = Release|Any CPU
		{98135FE5-A21B-4C79-AAAD-421A62A96A9D}.Ad-Hoc|x64.ActiveCfg = Release|Any CPU
		{98135FE5-A21B-4C79-AAAD-421A62A96A9D}.Ad-Hoc|x64.Build.0 = Release|Any CPU
		{98135FE5-A21B-4C79-AAAD-421A62A96A9D}.Ad-Hoc|x86.ActiveCfg = Release|Any CPU
		{98135FE5-A21B-4C79-AAAD-421A62A96A9D}.Ad-Hoc|x86.Build.0 = Release|Any CPU
		{98135FE5-A21B-4C79-AAAD-421A62A96A9D}.AppStore|Any CPU.ActiveCfg = Release|Any CPU
		{98135FE5-A21B-4C79-AAAD-421A62A96A9D}.AppStore|Any CPU.Build.0 = Release|Any CPU
		{98135FE5-A21B-4C79-AAAD-421A62A96A9D}.AppStore|ARM.ActiveCfg = Release|Any CPU
		{98135FE5-A21B-4C79-AAAD-421A62A96A9D}.AppStore|ARM.Build.0 = Release|Any CPU
		{98135FE5-A21B-4C79-AAAD-421A62A96A9D}.AppStore|iPhone.ActiveCfg = Release|Any CPU
		{98135FE5-A21B-4C79-AAAD-421A62A96A9D}.AppStore|iPhone.Build.0 = Release|Any CPU
		{98135FE5-A21B-4C79-AAAD-421A62A96A9D}.AppStore|iPhoneSimulator.ActiveCfg = Release|Any CPU
		{98135FE5-A21B-4C79-AAAD-421A62A96A9D}.AppStore|iPhoneSimulator.Build.0 = Release|Any CPU
		{98135FE5-A21B-4C79-AAAD-421A62A96A9D}.AppStore|x64.ActiveCfg = Release|Any CPU
		{98135FE5-A21B-4C79-AAAD-421A62A96A9D}.AppStore|x64.Build.0 = Release|Any CPU
		{98135FE5-A21B-4C79-AAAD-421A62A96A9D}.AppStore|x86.ActiveCfg = Release|Any CPU
		{98135FE5-A21B-4C79-AAAD-421A62A96A9D}.AppStore|x86.Build.0 = Release|Any CPU
		{98135FE5-A21B-4C79-AAAD-421A62A96A9D}.Debug|Any CPU.ActiveCfg = Debug|Any CPU
		{98135FE5-A21B-4C79-AAAD-421A62A96A9D}.Debug|Any CPU.Build.0 = Debug|Any CPU
		{98135FE5-A21B-4C79-AAAD-421A62A96A9D}.Debug|ARM.ActiveCfg = Debug|Any CPU
		{98135FE5-A21B-4C79-AAAD-421A62A96A9D}.Debug|ARM.Build.0 = Debug|Any CPU
		{98135FE5-A21B-4C79-AAAD-421A62A96A9D}.Debug|iPhone.ActiveCfg = Debug|Any CPU
		{98135FE5-A21B-4C79-AAAD-421A62A96A9D}.Debug|iPhone.Build.0 = Debug|Any CPU
		{98135FE5-A21B-4C79-AAAD-421A62A96A9D}.Debug|iPhoneSimulator.ActiveCfg = Debug|Any CPU
		{98135FE5-A21B-4C79-AAAD-421A62A96A9D}.Debug|iPhoneSimulator.Build.0 = Debug|Any CPU
		{98135FE5-A21B-4C79-AAAD-421A62A96A9D}.Debug|x64.ActiveCfg = Debug|Any CPU
		{98135FE5-A21B-4C79-AAAD-421A62A96A9D}.Debug|x64.Build.0 = Debug|Any CPU
		{98135FE5-A21B-4C79-AAAD-421A62A96A9D}.Debug|x86.ActiveCfg = Debug|Any CPU
		{98135FE5-A21B-4C79-AAAD-421A62A96A9D}.Debug|x86.Build.0 = Debug|Any CPU
		{98135FE5-A21B-4C79-AAAD-421A62A96A9D}.Release|Any CPU.ActiveCfg = Release|Any CPU
		{98135FE5-A21B-4C79-AAAD-421A62A96A9D}.Release|Any CPU.Build.0 = Release|Any CPU
		{98135FE5-A21B-4C79-AAAD-421A62A96A9D}.Release|ARM.ActiveCfg = Release|Any CPU
		{98135FE5-A21B-4C79-AAAD-421A62A96A9D}.Release|ARM.Build.0 = Release|Any CPU
		{98135FE5-A21B-4C79-AAAD-421A62A96A9D}.Release|iPhone.ActiveCfg = Release|Any CPU
		{98135FE5-A21B-4C79-AAAD-421A62A96A9D}.Release|iPhone.Build.0 = Release|Any CPU
		{98135FE5-A21B-4C79-AAAD-421A62A96A9D}.Release|iPhoneSimulator.ActiveCfg = Release|Any CPU
		{98135FE5-A21B-4C79-AAAD-421A62A96A9D}.Release|iPhoneSimulator.Build.0 = Release|Any CPU
		{98135FE5-A21B-4C79-AAAD-421A62A96A9D}.Release|x64.ActiveCfg = Release|Any CPU
		{98135FE5-A21B-4C79-AAAD-421A62A96A9D}.Release|x64.Build.0 = Release|Any CPU
		{98135FE5-A21B-4C79-AAAD-421A62A96A9D}.Release|x86.ActiveCfg = Release|Any CPU
		{98135FE5-A21B-4C79-AAAD-421A62A96A9D}.Release|x86.Build.0 = Release|Any CPU
		{D43E01AB-4968-4C9A-BE40-FAF5DB0652D3}.Ad-Hoc|Any CPU.ActiveCfg = Release|x86
		{D43E01AB-4968-4C9A-BE40-FAF5DB0652D3}.Ad-Hoc|Any CPU.Build.0 = Release|x86
		{D43E01AB-4968-4C9A-BE40-FAF5DB0652D3}.Ad-Hoc|Any CPU.Deploy.0 = Release|x86
		{D43E01AB-4968-4C9A-BE40-FAF5DB0652D3}.Ad-Hoc|ARM.ActiveCfg = Release|ARM
		{D43E01AB-4968-4C9A-BE40-FAF5DB0652D3}.Ad-Hoc|ARM.Build.0 = Release|ARM
		{D43E01AB-4968-4C9A-BE40-FAF5DB0652D3}.Ad-Hoc|ARM.Deploy.0 = Release|ARM
		{D43E01AB-4968-4C9A-BE40-FAF5DB0652D3}.Ad-Hoc|iPhone.ActiveCfg = Release|x86
		{D43E01AB-4968-4C9A-BE40-FAF5DB0652D3}.Ad-Hoc|iPhone.Build.0 = Release|x86
		{D43E01AB-4968-4C9A-BE40-FAF5DB0652D3}.Ad-Hoc|iPhone.Deploy.0 = Release|x86
		{D43E01AB-4968-4C9A-BE40-FAF5DB0652D3}.Ad-Hoc|iPhoneSimulator.ActiveCfg = Release|x86
		{D43E01AB-4968-4C9A-BE40-FAF5DB0652D3}.Ad-Hoc|iPhoneSimulator.Build.0 = Release|x86
		{D43E01AB-4968-4C9A-BE40-FAF5DB0652D3}.Ad-Hoc|iPhoneSimulator.Deploy.0 = Release|x86
		{D43E01AB-4968-4C9A-BE40-FAF5DB0652D3}.Ad-Hoc|x64.ActiveCfg = Release|x64
		{D43E01AB-4968-4C9A-BE40-FAF5DB0652D3}.Ad-Hoc|x64.Build.0 = Release|x64
		{D43E01AB-4968-4C9A-BE40-FAF5DB0652D3}.Ad-Hoc|x64.Deploy.0 = Release|x64
		{D43E01AB-4968-4C9A-BE40-FAF5DB0652D3}.Ad-Hoc|x86.ActiveCfg = Release|x86
		{D43E01AB-4968-4C9A-BE40-FAF5DB0652D3}.Ad-Hoc|x86.Build.0 = Release|x86
		{D43E01AB-4968-4C9A-BE40-FAF5DB0652D3}.Ad-Hoc|x86.Deploy.0 = Release|x86
		{D43E01AB-4968-4C9A-BE40-FAF5DB0652D3}.AppStore|Any CPU.ActiveCfg = Release|x86
		{D43E01AB-4968-4C9A-BE40-FAF5DB0652D3}.AppStore|Any CPU.Build.0 = Release|x86
		{D43E01AB-4968-4C9A-BE40-FAF5DB0652D3}.AppStore|Any CPU.Deploy.0 = Release|x86
		{D43E01AB-4968-4C9A-BE40-FAF5DB0652D3}.AppStore|ARM.ActiveCfg = Release|ARM
		{D43E01AB-4968-4C9A-BE40-FAF5DB0652D3}.AppStore|ARM.Build.0 = Release|ARM
		{D43E01AB-4968-4C9A-BE40-FAF5DB0652D3}.AppStore|ARM.Deploy.0 = Release|ARM
		{D43E01AB-4968-4C9A-BE40-FAF5DB0652D3}.AppStore|iPhone.ActiveCfg = Release|x86
		{D43E01AB-4968-4C9A-BE40-FAF5DB0652D3}.AppStore|iPhone.Build.0 = Release|x86
		{D43E01AB-4968-4C9A-BE40-FAF5DB0652D3}.AppStore|iPhone.Deploy.0 = Release|x86
		{D43E01AB-4968-4C9A-BE40-FAF5DB0652D3}.AppStore|iPhoneSimulator.ActiveCfg = Release|x86
		{D43E01AB-4968-4C9A-BE40-FAF5DB0652D3}.AppStore|iPhoneSimulator.Build.0 = Release|x86
		{D43E01AB-4968-4C9A-BE40-FAF5DB0652D3}.AppStore|iPhoneSimulator.Deploy.0 = Release|x86
		{D43E01AB-4968-4C9A-BE40-FAF5DB0652D3}.AppStore|x64.ActiveCfg = Release|x64
		{D43E01AB-4968-4C9A-BE40-FAF5DB0652D3}.AppStore|x64.Build.0 = Release|x64
		{D43E01AB-4968-4C9A-BE40-FAF5DB0652D3}.AppStore|x64.Deploy.0 = Release|x64
		{D43E01AB-4968-4C9A-BE40-FAF5DB0652D3}.AppStore|x86.ActiveCfg = Release|x86
		{D43E01AB-4968-4C9A-BE40-FAF5DB0652D3}.AppStore|x86.Build.0 = Release|x86
		{D43E01AB-4968-4C9A-BE40-FAF5DB0652D3}.AppStore|x86.Deploy.0 = Release|x86
		{D43E01AB-4968-4C9A-BE40-FAF5DB0652D3}.Debug|Any CPU.ActiveCfg = Debug|x86
		{D43E01AB-4968-4C9A-BE40-FAF5DB0652D3}.Debug|ARM.ActiveCfg = Debug|ARM
		{D43E01AB-4968-4C9A-BE40-FAF5DB0652D3}.Debug|ARM.Build.0 = Debug|ARM
		{D43E01AB-4968-4C9A-BE40-FAF5DB0652D3}.Debug|ARM.Deploy.0 = Debug|ARM
		{D43E01AB-4968-4C9A-BE40-FAF5DB0652D3}.Debug|iPhone.ActiveCfg = Debug|x86
		{D43E01AB-4968-4C9A-BE40-FAF5DB0652D3}.Debug|iPhoneSimulator.ActiveCfg = Debug|x86
		{D43E01AB-4968-4C9A-BE40-FAF5DB0652D3}.Debug|x64.ActiveCfg = Debug|x64
		{D43E01AB-4968-4C9A-BE40-FAF5DB0652D3}.Debug|x64.Build.0 = Debug|x64
		{D43E01AB-4968-4C9A-BE40-FAF5DB0652D3}.Debug|x64.Deploy.0 = Debug|x64
		{D43E01AB-4968-4C9A-BE40-FAF5DB0652D3}.Debug|x86.ActiveCfg = Debug|x86
		{D43E01AB-4968-4C9A-BE40-FAF5DB0652D3}.Debug|x86.Build.0 = Debug|x86
		{D43E01AB-4968-4C9A-BE40-FAF5DB0652D3}.Debug|x86.Deploy.0 = Debug|x86
		{D43E01AB-4968-4C9A-BE40-FAF5DB0652D3}.Release|Any CPU.ActiveCfg = Release|x86
		{D43E01AB-4968-4C9A-BE40-FAF5DB0652D3}.Release|ARM.ActiveCfg = Release|ARM
		{D43E01AB-4968-4C9A-BE40-FAF5DB0652D3}.Release|ARM.Build.0 = Release|ARM
		{D43E01AB-4968-4C9A-BE40-FAF5DB0652D3}.Release|ARM.Deploy.0 = Release|ARM
		{D43E01AB-4968-4C9A-BE40-FAF5DB0652D3}.Release|iPhone.ActiveCfg = Release|x86
		{D43E01AB-4968-4C9A-BE40-FAF5DB0652D3}.Release|iPhoneSimulator.ActiveCfg = Release|x86
		{D43E01AB-4968-4C9A-BE40-FAF5DB0652D3}.Release|x64.ActiveCfg = Release|x64
		{D43E01AB-4968-4C9A-BE40-FAF5DB0652D3}.Release|x64.Build.0 = Release|x64
		{D43E01AB-4968-4C9A-BE40-FAF5DB0652D3}.Release|x64.Deploy.0 = Release|x64
		{D43E01AB-4968-4C9A-BE40-FAF5DB0652D3}.Release|x86.ActiveCfg = Release|x86
		{D43E01AB-4968-4C9A-BE40-FAF5DB0652D3}.Release|x86.Build.0 = Release|x86
		{D43E01AB-4968-4C9A-BE40-FAF5DB0652D3}.Release|x86.Deploy.0 = Release|x86
		{D78385CC-2980-44FC-8773-99B55B13C776}.Ad-Hoc|Any CPU.ActiveCfg = Ad-Hoc|iPhone
		{D78385CC-2980-44FC-8773-99B55B13C776}.Ad-Hoc|ARM.ActiveCfg = Ad-Hoc|iPhone
		{D78385CC-2980-44FC-8773-99B55B13C776}.Ad-Hoc|iPhone.ActiveCfg = Ad-Hoc|iPhone
		{D78385CC-2980-44FC-8773-99B55B13C776}.Ad-Hoc|iPhone.Build.0 = Ad-Hoc|iPhone
		{D78385CC-2980-44FC-8773-99B55B13C776}.Ad-Hoc|iPhoneSimulator.ActiveCfg = Ad-Hoc|iPhoneSimulator
		{D78385CC-2980-44FC-8773-99B55B13C776}.Ad-Hoc|iPhoneSimulator.Build.0 = Ad-Hoc|iPhoneSimulator
		{D78385CC-2980-44FC-8773-99B55B13C776}.Ad-Hoc|x64.ActiveCfg = Ad-Hoc|iPhone
		{D78385CC-2980-44FC-8773-99B55B13C776}.Ad-Hoc|x86.ActiveCfg = Ad-Hoc|iPhone
		{D78385CC-2980-44FC-8773-99B55B13C776}.AppStore|Any CPU.ActiveCfg = AppStore|iPhone
		{D78385CC-2980-44FC-8773-99B55B13C776}.AppStore|ARM.ActiveCfg = AppStore|iPhone
		{D78385CC-2980-44FC-8773-99B55B13C776}.AppStore|iPhone.ActiveCfg = AppStore|iPhone
		{D78385CC-2980-44FC-8773-99B55B13C776}.AppStore|iPhone.Build.0 = AppStore|iPhone
		{D78385CC-2980-44FC-8773-99B55B13C776}.AppStore|iPhoneSimulator.ActiveCfg = AppStore|iPhoneSimulator
		{D78385CC-2980-44FC-8773-99B55B13C776}.AppStore|iPhoneSimulator.Build.0 = AppStore|iPhoneSimulator
		{D78385CC-2980-44FC-8773-99B55B13C776}.AppStore|x64.ActiveCfg = AppStore|iPhone
		{D78385CC-2980-44FC-8773-99B55B13C776}.AppStore|x86.ActiveCfg = AppStore|iPhone
		{D78385CC-2980-44FC-8773-99B55B13C776}.Debug|Any CPU.ActiveCfg = Debug|iPhone
		{D78385CC-2980-44FC-8773-99B55B13C776}.Debug|ARM.ActiveCfg = Debug|iPhone
		{D78385CC-2980-44FC-8773-99B55B13C776}.Debug|iPhone.ActiveCfg = Debug|iPhone
		{D78385CC-2980-44FC-8773-99B55B13C776}.Debug|iPhone.Build.0 = Debug|iPhone
		{D78385CC-2980-44FC-8773-99B55B13C776}.Debug|iPhoneSimulator.ActiveCfg = Debug|iPhoneSimulator
		{D78385CC-2980-44FC-8773-99B55B13C776}.Debug|iPhoneSimulator.Build.0 = Debug|iPhoneSimulator
		{D78385CC-2980-44FC-8773-99B55B13C776}.Debug|x64.ActiveCfg = Debug|iPhone
		{D78385CC-2980-44FC-8773-99B55B13C776}.Debug|x86.ActiveCfg = Debug|iPhone
		{D78385CC-2980-44FC-8773-99B55B13C776}.Release|Any CPU.ActiveCfg = Release|iPhone
		{D78385CC-2980-44FC-8773-99B55B13C776}.Release|ARM.ActiveCfg = Release|iPhone
		{D78385CC-2980-44FC-8773-99B55B13C776}.Release|iPhone.ActiveCfg = Release|iPhone
		{D78385CC-2980-44FC-8773-99B55B13C776}.Release|iPhone.Build.0 = Release|iPhone
		{D78385CC-2980-44FC-8773-99B55B13C776}.Release|iPhoneSimulator.ActiveCfg = Release|iPhoneSimulator
		{D78385CC-2980-44FC-8773-99B55B13C776}.Release|iPhoneSimulator.Build.0 = Release|iPhoneSimulator
		{D78385CC-2980-44FC-8773-99B55B13C776}.Release|x64.ActiveCfg = Release|iPhone
		{D78385CC-2980-44FC-8773-99B55B13C776}.Release|x86.ActiveCfg = Release|iPhone
	EndGlobalSection
	GlobalSection(SolutionProperties) = preSolution
		HideSolutionNode = FALSE
	EndGlobalSection
	GlobalSection(ExtensibilityGlobals) = postSolution
		SolutionGuid = {4ADEC579-8A5B-47C5-98D9-C0774E6161B2}
	EndGlobalSection
EndGlobal
