
Microsoft Visual Studio Solution File, Format Version 12.00
# Visual Studio 15
VisualStudioVersion = 15.0.28010.2016
MinimumVisualStudioVersion = 10.0.40219.1
Project("{FAE04EC0-301F-11D3-BF4B-00C04F79EFBC}") = "GalleryTimeline.Android", "GalleryTimeline\GalleryTimeline.Android\GalleryTimeline.Android.csproj", "{613FC7B4-3D92-490E-8C95-AD4857BC1DBF}"
EndProject
Project("{FAE04EC0-301F-11D3-BF4B-00C04F79EFBC}") = "GalleryTimeline.iOS", "GalleryTimeline\GalleryTimeline.iOS\GalleryTimeline.iOS.csproj", "{B042E038-3A81-484A-B198-1CF6C9C6A5B6}"
EndProject
Project("{FAE04EC0-301F-11D3-BF4B-00C04F79EFBC}") = "GalleryTimeline", "GalleryTimeline\GalleryTimeline\GalleryTimeline.csproj", "{8FB4DCD3-895E-4366-AA2B-8213E0C165AB}"
EndProject
Global
	GlobalSection(SolutionConfigurationPlatforms) = preSolution
		Ad-Hoc|Any CPU = Ad-Hoc|Any CPU
		Ad-Hoc|iPhone = Ad-Hoc|iPhone
		Ad-Hoc|iPhoneSimulator = Ad-Hoc|iPhoneSimulator
		AppStore|Any CPU = AppStore|Any CPU
		AppStore|iPhone = AppStore|iPhone
		AppStore|iPhoneSimulator = AppStore|iPhoneSimulator
		Debug|Any CPU = Debug|Any CPU
		Debug|iPhone = Debug|iPhone
		Debug|iPhoneSimulator = Debug|iPhoneSimulator
		Release|Any CPU = Release|Any CPU
		Release|iPhone = Release|iPhone
		Release|iPhoneSimulator = Release|iPhoneSimulator
	EndGlobalSection
	GlobalSection(ProjectConfigurationPlatforms) = postSolution
		{613FC7B4-3D92-490E-8C95-AD4857BC1DBF}.Ad-Hoc|Any CPU.ActiveCfg = Release|Any CPU
		{613FC7B4-3D92-490E-8C95-AD4857BC1DBF}.Ad-Hoc|Any CPU.Build.0 = Release|Any CPU
		{613FC7B4-3D92-490E-8C95-AD4857BC1DBF}.Ad-Hoc|Any CPU.Deploy.0 = Release|Any CPU
		{613FC7B4-3D92-490E-8C95-AD4857BC1DBF}.Ad-Hoc|iPhone.ActiveCfg = Release|Any CPU
		{613FC7B4-3D92-490E-8C95-AD4857BC1DBF}.Ad-Hoc|iPhone.Build.0 = Release|Any CPU
		{613FC7B4-3D92-490E-8C95-AD4857BC1DBF}.Ad-Hoc|iPhone.Deploy.0 = Release|Any CPU
		{613FC7B4-3D92-490E-8C95-AD4857BC1DBF}.Ad-Hoc|iPhoneSimulator.ActiveCfg = Release|Any CPU
		{613FC7B4-3D92-490E-8C95-AD4857BC1DBF}.Ad-Hoc|iPhoneSimulator.Build.0 = Release|Any CPU
		{613FC7B4-3D92-490E-8C95-AD4857BC1DBF}.Ad-Hoc|iPhoneSimulator.Deploy.0 = Release|Any CPU
		{613FC7B4-3D92-490E-8C95-AD4857BC1DBF}.AppStore|Any CPU.ActiveCfg = Release|Any CPU
		{613FC7B4-3D92-490E-8C95-AD4857BC1DBF}.AppStore|Any CPU.Build.0 = Release|Any CPU
		{613FC7B4-3D92-490E-8C95-AD4857BC1DBF}.AppStore|Any CPU.Deploy.0 = Release|Any CPU
		{613FC7B4-3D92-490E-8C95-AD4857BC1DBF}.AppStore|iPhone.ActiveCfg = Release|Any CPU
		{613FC7B4-3D92-490E-8C95-AD4857BC1DBF}.AppStore|iPhone.Build.0 = Release|Any CPU
		{613FC7B4-3D92-490E-8C95-AD4857BC1DBF}.AppStore|iPhone.Deploy.0 = Release|Any CPU
		{613FC7B4-3D92-490E-8C95-AD4857BC1DBF}.AppStore|iPhoneSimulator.ActiveCfg = Release|Any CPU
		{613FC7B4-3D92-490E-8C95-AD4857BC1DBF}.AppStore|iPhoneSimulator.Build.0 = Release|Any CPU
		{613FC7B4-3D92-490E-8C95-AD4857BC1DBF}.AppStore|iPhoneSimulator.Deploy.0 = Release|Any CPU
		{613FC7B4-3D92-490E-8C95-AD4857BC1DBF}.Debug|Any CPU.ActiveCfg = Debug|Any CPU
		{613FC7B4-3D92-490E-8C95-AD4857BC1DBF}.Debug|Any CPU.Build.0 = Debug|Any CPU
		{613FC7B4-3D92-490E-8C95-AD4857BC1DBF}.Debug|Any CPU.Deploy.0 = Debug|Any CPU
		{613FC7B4-3D92-490E-8C95-AD4857BC1DBF}.Debug|iPhone.ActiveCfg = Debug|Any CPU
		{613FC7B4-3D92-490E-8C95-AD4857BC1DBF}.Debug|iPhone.Build.0 = Debug|Any CPU
		{613FC7B4-3D92-490E-8C95-AD4857BC1DBF}.Debug|iPhone.Deploy.0 = Debug|Any CPU
		{613FC7B4-3D92-490E-8C95-AD4857BC1DBF}.Debug|iPhoneSimulator.ActiveCfg = Debug|Any CPU
		{613FC7B4-3D92-490E-8C95-AD4857BC1DBF}.Debug|iPhoneSimulator.Build.0 = Debug|Any CPU
		{613FC7B4-3D92-490E-8C95-AD4857BC1DBF}.Debug|iPhoneSimulator.Deploy.0 = Debug|Any CPU
		{613FC7B4-3D92-490E-8C95-AD4857BC1DBF}.Release|Any CPU.ActiveCfg = Release|Any CPU
		{613FC7B4-3D92-490E-8C95-AD4857BC1DBF}.Release|Any CPU.Build.0 = Release|Any CPU
		{613FC7B4-3D92-490E-8C95-AD4857BC1DBF}.Release|Any CPU.Deploy.0 = Release|Any CPU
		{613FC7B4-3D92-490E-8C95-AD4857BC1DBF}.Release|iPhone.ActiveCfg = Release|Any CPU
		{613FC7B4-3D92-490E-8C95-AD4857BC1DBF}.Release|iPhone.Build.0 = Release|Any CPU
		{613FC7B4-3D92-490E-8C95-AD4857BC1DBF}.Release|iPhone.Deploy.0 = Release|Any CPU
		{613FC7B4-3D92-490E-8C95-AD4857BC1DBF}.Release|iPhoneSimulator.ActiveCfg = Release|Any CPU
		{613FC7B4-3D92-490E-8C95-AD4857BC1DBF}.Release|iPhoneSimulator.Build.0 = Release|Any CPU
		{613FC7B4-3D92-490E-8C95-AD4857BC1DBF}.Release|iPhoneSimulator.Deploy.0 = Release|Any CPU
		{B042E038-3A81-484A-B198-1CF6C9C6A5B6}.Ad-Hoc|Any CPU.ActiveCfg = Ad-Hoc|iPhone
		{B042E038-3A81-484A-B198-1CF6C9C6A5B6}.Ad-Hoc|Any CPU.Build.0 = Ad-Hoc|iPhone
		{B042E038-3A81-484A-B198-1CF6C9C6A5B6}.Ad-Hoc|Any CPU.Deploy.0 = Ad-Hoc|iPhone
		{B042E038-3A81-484A-B198-1CF6C9C6A5B6}.Ad-Hoc|iPhone.ActiveCfg = Ad-Hoc|iPhone
		{B042E038-3A81-484A-B198-1CF6C9C6A5B6}.Ad-Hoc|iPhone.Build.0 = Ad-Hoc|iPhone
		{B042E038-3A81-484A-B198-1CF6C9C6A5B6}.Ad-Hoc|iPhone.Deploy.0 = Ad-Hoc|iPhone
		{B042E038-3A81-484A-B198-1CF6C9C6A5B6}.Ad-Hoc|iPhoneSimulator.ActiveCfg = Ad-Hoc|iPhoneSimulator
		{B042E038-3A81-484A-B198-1CF6C9C6A5B6}.Ad-Hoc|iPhoneSimulator.Build.0 = Ad-Hoc|iPhoneSimulator
		{B042E038-3A81-484A-B198-1CF6C9C6A5B6}.Ad-Hoc|iPhoneSimulator.Deploy.0 = Ad-Hoc|iPhoneSimulator
		{B042E038-3A81-484A-B198-1CF6C9C6A5B6}.AppStore|Any CPU.ActiveCfg = AppStore|iPhone
		{B042E038-3A81-484A-B198-1CF6C9C6A5B6}.AppStore|Any CPU.Build.0 = AppStore|iPhone
		{B042E038-3A81-484A-B198-1CF6C9C6A5B6}.AppStore|Any CPU.Deploy.0 = AppStore|iPhone
		{B042E038-3A81-484A-B198-1CF6C9C6A5B6}.AppStore|iPhone.ActiveCfg = AppStore|iPhone
		{B042E038-3A81-484A-B198-1CF6C9C6A5B6}.AppStore|iPhone.Build.0 = AppStore|iPhone
		{B042E038-3A81-484A-B198-1CF6C9C6A5B6}.AppStore|iPhone.Deploy.0 = AppStore|iPhone
		{B042E038-3A81-484A-B198-1CF6C9C6A5B6}.AppStore|iPhoneSimulator.ActiveCfg = AppStore|iPhoneSimulator
		{B042E038-3A81-484A-B198-1CF6C9C6A5B6}.AppStore|iPhoneSimulator.Build.0 = AppStore|iPhoneSimulator
		{B042E038-3A81-484A-B198-1CF6C9C6A5B6}.AppStore|iPhoneSimulator.Deploy.0 = AppStore|iPhoneSimulator
		{B042E038-3A81-484A-B198-1CF6C9C6A5B6}.Debug|Any CPU.ActiveCfg = Debug|iPhoneSimulator
		{B042E038-3A81-484A-B198-1CF6C9C6A5B6}.Debug|Any CPU.Build.0 = Debug|iPhoneSimulator
		{B042E038-3A81-484A-B198-1CF6C9C6A5B6}.Debug|Any CPU.Deploy.0 = Debug|iPhoneSimulator
		{B042E038-3A81-484A-B198-1CF6C9C6A5B6}.Debug|iPhone.ActiveCfg = Debug|iPhone
		{B042E038-3A81-484A-B198-1CF6C9C6A5B6}.Debug|iPhone.Build.0 = Debug|iPhone
		{B042E038-3A81-484A-B198-1CF6C9C6A5B6}.Debug|iPhone.Deploy.0 = Debug|iPhone
		{B042E038-3A81-484A-B198-1CF6C9C6A5B6}.Debug|iPhoneSimulator.ActiveCfg = Debug|iPhoneSimulator
		{B042E038-3A81-484A-B198-1CF6C9C6A5B6}.Debug|iPhoneSimulator.Build.0 = Debug|iPhoneSimulator
		{B042E038-3A81-484A-B198-1CF6C9C6A5B6}.Debug|iPhoneSimulator.Deploy.0 = Debug|iPhoneSimulator
		{B042E038-3A81-484A-B198-1CF6C9C6A5B6}.Release|Any CPU.ActiveCfg = Release|iPhone
		{B042E038-3A81-484A-B198-1CF6C9C6A5B6}.Release|Any CPU.Build.0 = Release|iPhone
		{B042E038-3A81-484A-B198-1CF6C9C6A5B6}.Release|Any CPU.Deploy.0 = Release|iPhone
		{B042E038-3A81-484A-B198-1CF6C9C6A5B6}.Release|iPhone.ActiveCfg = Release|iPhone
		{B042E038-3A81-484A-B198-1CF6C9C6A5B6}.Release|iPhone.Build.0 = Release|iPhone
		{B042E038-3A81-484A-B198-1CF6C9C6A5B6}.Release|iPhone.Deploy.0 = Release|iPhone
		{B042E038-3A81-484A-B198-1CF6C9C6A5B6}.Release|iPhoneSimulator.ActiveCfg = Release|iPhoneSimulator
		{B042E038-3A81-484A-B198-1CF6C9C6A5B6}.Release|iPhoneSimulator.Build.0 = Release|iPhoneSimulator
		{B042E038-3A81-484A-B198-1CF6C9C6A5B6}.Release|iPhoneSimulator.Deploy.0 = Release|iPhoneSimulator
		{8FB4DCD3-895E-4366-AA2B-8213E0C165AB}.Ad-Hoc|Any CPU.ActiveCfg = Debug|Any CPU
		{8FB4DCD3-895E-4366-AA2B-8213E0C165AB}.Ad-Hoc|Any CPU.Build.0 = Debug|Any CPU
		{8FB4DCD3-895E-4366-AA2B-8213E0C165AB}.Ad-Hoc|Any CPU.Deploy.0 = Debug|Any CPU
		{8FB4DCD3-895E-4366-AA2B-8213E0C165AB}.Ad-Hoc|iPhone.ActiveCfg = Debug|Any CPU
		{8FB4DCD3-895E-4366-AA2B-8213E0C165AB}.Ad-Hoc|iPhone.Build.0 = Debug|Any CPU
		{8FB4DCD3-895E-4366-AA2B-8213E0C165AB}.Ad-Hoc|iPhone.Deploy.0 = Debug|Any CPU
		{8FB4DCD3-895E-4366-AA2B-8213E0C165AB}.Ad-Hoc|iPhoneSimulator.ActiveCfg = Debug|Any CPU
		{8FB4DCD3-895E-4366-AA2B-8213E0C165AB}.Ad-Hoc|iPhoneSimulator.Build.0 = Debug|Any CPU
		{8FB4DCD3-895E-4366-AA2B-8213E0C165AB}.Ad-Hoc|iPhoneSimulator.Deploy.0 = Debug|Any CPU
		{8FB4DCD3-895E-4366-AA2B-8213E0C165AB}.AppStore|Any CPU.ActiveCfg = Debug|Any CPU
		{8FB4DCD3-895E-4366-AA2B-8213E0C165AB}.AppStore|Any CPU.Build.0 = Debug|Any CPU
		{8FB4DCD3-895E-4366-AA2B-8213E0C165AB}.AppStore|Any CPU.Deploy.0 = Debug|Any CPU
		{8FB4DCD3-895E-4366-AA2B-8213E0C165AB}.AppStore|iPhone.ActiveCfg = Debug|Any CPU
		{8FB4DCD3-895E-4366-AA2B-8213E0C165AB}.AppStore|iPhone.Build.0 = Debug|Any CPU
		{8FB4DCD3-895E-4366-AA2B-8213E0C165AB}.AppStore|iPhone.Deploy.0 = Debug|Any CPU
		{8FB4DCD3-895E-4366-AA2B-8213E0C165AB}.AppStore|iPhoneSimulator.ActiveCfg = Debug|Any CPU
		{8FB4DCD3-895E-4366-AA2B-8213E0C165AB}.AppStore|iPhoneSimulator.Build.0 = Debug|Any CPU
		{8FB4DCD3-895E-4366-AA2B-8213E0C165AB}.AppStore|iPhoneSimulator.Deploy.0 = Debug|Any CPU
		{8FB4DCD3-895E-4366-AA2B-8213E0C165AB}.Debug|Any CPU.ActiveCfg = Debug|Any CPU
		{8FB4DCD3-895E-4366-AA2B-8213E0C165AB}.Debug|Any CPU.Build.0 = Debug|Any CPU
		{8FB4DCD3-895E-4366-AA2B-8213E0C165AB}.Debug|Any CPU.Deploy.0 = Debug|Any CPU
		{8FB4DCD3-895E-4366-AA2B-8213E0C165AB}.Debug|iPhone.ActiveCfg = Debug|Any CPU
		{8FB4DCD3-895E-4366-AA2B-8213E0C165AB}.Debug|iPhone.Build.0 = Debug|Any CPU
		{8FB4DCD3-895E-4366-AA2B-8213E0C165AB}.Debug|iPhone.Deploy.0 = Debug|Any CPU
		{8FB4DCD3-895E-4366-AA2B-8213E0C165AB}.Debug|iPhoneSimulator.ActiveCfg = Debug|Any CPU
		{8FB4DCD3-895E-4366-AA2B-8213E0C165AB}.Debug|iPhoneSimulator.Build.0 = Debug|Any CPU
		{8FB4DCD3-895E-4366-AA2B-8213E0C165AB}.Debug|iPhoneSimulator.Deploy.0 = Debug|Any CPU
		{8FB4DCD3-895E-4366-AA2B-8213E0C165AB}.Release|Any CPU.ActiveCfg = Release|Any CPU
		{8FB4DCD3-895E-4366-AA2B-8213E0C165AB}.Release|Any CPU.Build.0 = Release|Any CPU
		{8FB4DCD3-895E-4366-AA2B-8213E0C165AB}.Release|Any CPU.Deploy.0 = Release|Any CPU
		{8FB4DCD3-895E-4366-AA2B-8213E0C165AB}.Release|iPhone.ActiveCfg = Release|Any CPU
		{8FB4DCD3-895E-4366-AA2B-8213E0C165AB}.Release|iPhone.Build.0 = Release|Any CPU
		{8FB4DCD3-895E-4366-AA2B-8213E0C165AB}.Release|iPhone.Deploy.0 = Release|Any CPU
		{8FB4DCD3-895E-4366-AA2B-8213E0C165AB}.Release|iPhoneSimulator.ActiveCfg = Release|Any CPU
		{8FB4DCD3-895E-4366-AA2B-8213E0C165AB}.Release|iPhoneSimulator.Build.0 = Release|Any CPU
		{8FB4DCD3-895E-4366-AA2B-8213E0C165AB}.Release|iPhoneSimulator.Deploy.0 = Release|Any CPU
	EndGlobalSection
	GlobalSection(SolutionProperties) = preSolution
		HideSolutionNode = FALSE
	EndGlobalSection
	GlobalSection(ExtensibilityGlobals) = postSolution
		SolutionGuid = {53BE7B9E-5EEF-415E-A010-DC9E2A732B62}
	EndGlobalSection
EndGlobal
