
Microsoft Visual Studio Solution File, Format Version 12.00
# Visual Studio 15
VisualStudioVersion = 15.0.26430.14
MinimumVisualStudioVersion = 10.0.40219.1
Project("{FAE04EC0-301F-11D3-BF4B-00C04F79EFBC}") = "SocialLogin.Android", "SocialLogin\SocialLogin.Android\SocialLogin.Android.csproj", "{CC071369-C4D5-41CB-95BB-7973917961E7}"
EndProject
Project("{FAE04EC0-301F-11D3-BF4B-00C04F79EFBC}") = "SocialLogin", "SocialLogin\SocialLogin\SocialLogin.csproj", "{44E748AB-2881-41B7-A400-9FB502F72AE3}"
EndProject
Project("{FAE04EC0-301F-11D3-BF4B-00C04F79EFBC}") = "SocialLogin.UWP", "SocialLogin\SocialLogin.UWP\SocialLogin.UWP.csproj", "{3B6929A9-E2BE-43DA-85B7-F4FFE6E5A42F}"
EndProject
Project("{FAE04EC0-301F-11D3-BF4B-00C04F79EFBC}") = "SocialLogin.iOS", "SocialLogin\SocialLogin.iOS\SocialLogin.iOS.csproj", "{D1541AD4-454F-4BA9-83BC-935AE6AEB1FC}"
EndProject
Global
	GlobalSection(SolutionConfigurationPlatforms) = preSolution
		Ad-Hoc|Any CPU = Ad-Hoc|Any CPU
		Ad-Hoc|ARM = Ad-Hoc|ARM
		Ad-Hoc|iPhone = Ad-Hoc|iPhone
		Ad-Hoc|iPhoneSimulator = Ad-Hoc|iPhoneSimulator
		Ad-Hoc|x64 = Ad-Hoc|x64
		Ad-Hoc|x86 = Ad-Hoc|x86
		AppStore|Any CPU = AppStore|Any CPU
		AppStore|ARM = AppStore|ARM
		AppStore|iPhone = AppStore|iPhone
		AppStore|iPhoneSimulator = AppStore|iPhoneSimulator
		AppStore|x64 = AppStore|x64
		AppStore|x86 = AppStore|x86
		Debug|Any CPU = Debug|Any CPU
		Debug|ARM = Debug|ARM
		Debug|iPhone = Debug|iPhone
		Debug|iPhoneSimulator = Debug|iPhoneSimulator
		Debug|x64 = Debug|x64
		Debug|x86 = Debug|x86
		Release|Any CPU = Release|Any CPU
		Release|ARM = Release|ARM
		Release|iPhone = Release|iPhone
		Release|iPhoneSimulator = Release|iPhoneSimulator
		Release|x64 = Release|x64
		Release|x86 = Release|x86
	EndGlobalSection
	GlobalSection(ProjectConfigurationPlatforms) = postSolution
		{CC071369-C4D5-41CB-95BB-7973917961E7}.Ad-Hoc|Any CPU.ActiveCfg = Release|Any CPU
		{CC071369-C4D5-41CB-95BB-7973917961E7}.Ad-Hoc|Any CPU.Build.0 = Release|Any CPU
		{CC071369-C4D5-41CB-95BB-7973917961E7}.Ad-Hoc|Any CPU.Deploy.0 = Release|Any CPU
		{CC071369-C4D5-41CB-95BB-7973917961E7}.Ad-Hoc|ARM.ActiveCfg = Release|Any CPU
		{CC071369-C4D5-41CB-95BB-7973917961E7}.Ad-Hoc|ARM.Build.0 = Release|Any CPU
		{CC071369-C4D5-41CB-95BB-7973917961E7}.Ad-Hoc|ARM.Deploy.0 = Release|Any CPU
		{CC071369-C4D5-41CB-95BB-7973917961E7}.Ad-Hoc|iPhone.ActiveCfg = Release|Any CPU
		{CC071369-C4D5-41CB-95BB-7973917961E7}.Ad-Hoc|iPhone.Build.0 = Release|Any CPU
		{CC071369-C4D5-41CB-95BB-7973917961E7}.Ad-Hoc|iPhone.Deploy.0 = Release|Any CPU
		{CC071369-C4D5-41CB-95BB-7973917961E7}.Ad-Hoc|iPhoneSimulator.ActiveCfg = Release|Any CPU
		{CC071369-C4D5-41CB-95BB-7973917961E7}.Ad-Hoc|iPhoneSimulator.Build.0 = Release|Any CPU
		{CC071369-C4D5-41CB-95BB-7973917961E7}.Ad-Hoc|iPhoneSimulator.Deploy.0 = Release|Any CPU
		{CC071369-C4D5-41CB-95BB-7973917961E7}.Ad-Hoc|x64.ActiveCfg = Release|Any CPU
		{CC071369-C4D5-41CB-95BB-7973917961E7}.Ad-Hoc|x64.Build.0 = Release|Any CPU
		{CC071369-C4D5-41CB-95BB-7973917961E7}.Ad-Hoc|x64.Deploy.0 = Release|Any CPU
		{CC071369-C4D5-41CB-95BB-7973917961E7}.Ad-Hoc|x86.ActiveCfg = Release|Any CPU
		{CC071369-C4D5-41CB-95BB-7973917961E7}.Ad-Hoc|x86.Build.0 = Release|Any CPU
		{CC071369-C4D5-41CB-95BB-7973917961E7}.Ad-Hoc|x86.Deploy.0 = Release|Any CPU
		{CC071369-C4D5-41CB-95BB-7973917961E7}.AppStore|Any CPU.ActiveCfg = Release|Any CPU
		{CC071369-C4D5-41CB-95BB-7973917961E7}.AppStore|Any CPU.Build.0 = Release|Any CPU
		{CC071369-C4D5-41CB-95BB-7973917961E7}.AppStore|Any CPU.Deploy.0 = Release|Any CPU
		{CC071369-C4D5-41CB-95BB-7973917961E7}.AppStore|ARM.ActiveCfg = Release|Any CPU
		{CC071369-C4D5-41CB-95BB-7973917961E7}.AppStore|ARM.Build.0 = Release|Any CPU
		{CC071369-C4D5-41CB-95BB-7973917961E7}.AppStore|ARM.Deploy.0 = Release|Any CPU
		{CC071369-C4D5-41CB-95BB-7973917961E7}.AppStore|iPhone.ActiveCfg = Release|Any CPU
		{CC071369-C4D5-41CB-95BB-7973917961E7}.AppStore|iPhone.Build.0 = Release|Any CPU
		{CC071369-C4D5-41CB-95BB-7973917961E7}.AppStore|iPhone.Deploy.0 = Release|Any CPU
		{CC071369-C4D5-41CB-95BB-7973917961E7}.AppStore|iPhoneSimulator.ActiveCfg = Release|Any CPU
		{CC071369-C4D5-41CB-95BB-7973917961E7}.AppStore|iPhoneSimulator.Build.0 = Release|Any CPU
		{CC071369-C4D5-41CB-95BB-7973917961E7}.AppStore|iPhoneSimulator.Deploy.0 = Release|Any CPU
		{CC071369-C4D5-41CB-95BB-7973917961E7}.AppStore|x64.ActiveCfg = Release|Any CPU
		{CC071369-C4D5-41CB-95BB-7973917961E7}.AppStore|x64.Build.0 = Release|Any CPU
		{CC071369-C4D5-41CB-95BB-7973917961E7}.AppStore|x64.Deploy.0 = Release|Any CPU
		{CC071369-C4D5-41CB-95BB-7973917961E7}.AppStore|x86.ActiveCfg = Release|Any CPU
		{CC071369-C4D5-41CB-95BB-7973917961E7}.AppStore|x86.Build.0 = Release|Any CPU
		{CC071369-C4D5-41CB-95BB-7973917961E7}.AppStore|x86.Deploy.0 = Release|Any CPU
		{CC071369-C4D5-41CB-95BB-7973917961E7}.Debug|Any CPU.ActiveCfg = Debug|Any CPU
		{CC071369-C4D5-41CB-95BB-7973917961E7}.Debug|Any CPU.Build.0 = Debug|Any CPU
		{CC071369-C4D5-41CB-95BB-7973917961E7}.Debug|Any CPU.Deploy.0 = Debug|Any CPU
		{CC071369-C4D5-41CB-95BB-7973917961E7}.Debug|ARM.ActiveCfg = Debug|Any CPU
		{CC071369-C4D5-41CB-95BB-7973917961E7}.Debug|ARM.Build.0 = Debug|Any CPU
		{CC071369-C4D5-41CB-95BB-7973917961E7}.Debug|ARM.Deploy.0 = Debug|Any CPU
		{CC071369-C4D5-41CB-95BB-7973917961E7}.Debug|iPhone.ActiveCfg = Debug|Any CPU
		{CC071369-C4D5-41CB-95BB-7973917961E7}.Debug|iPhone.Build.0 = Debug|Any CPU
		{CC071369-C4D5-41CB-95BB-7973917961E7}.Debug|iPhone.Deploy.0 = Debug|Any CPU
		{CC071369-C4D5-41CB-95BB-7973917961E7}.Debug|iPhoneSimulator.ActiveCfg = Debug|Any CPU
		{CC071369-C4D5-41CB-95BB-7973917961E7}.Debug|iPhoneSimulator.Build.0 = Debug|Any CPU
		{CC071369-C4D5-41CB-95BB-7973917961E7}.Debug|iPhoneSimulator.Deploy.0 = Debug|Any CPU
		{CC071369-C4D5-41CB-95BB-7973917961E7}.Debug|x64.ActiveCfg = Debug|Any CPU
		{CC071369-C4D5-41CB-95BB-7973917961E7}.Debug|x64.Build.0 = Debug|Any CPU
		{CC071369-C4D5-41CB-95BB-7973917961E7}.Debug|x64.Deploy.0 = Debug|Any CPU
		{CC071369-C4D5-41CB-95BB-7973917961E7}.Debug|x86.ActiveCfg = Debug|Any CPU
		{CC071369-C4D5-41CB-95BB-7973917961E7}.Debug|x86.Build.0 = Debug|Any CPU
		{CC071369-C4D5-41CB-95BB-7973917961E7}.Debug|x86.Deploy.0 = Debug|Any CPU
		{CC071369-C4D5-41CB-95BB-7973917961E7}.Release|Any CPU.ActiveCfg = Release|Any CPU
		{CC071369-C4D5-41CB-95BB-7973917961E7}.Release|Any CPU.Build.0 = Release|Any CPU
		{CC071369-C4D5-41CB-95BB-7973917961E7}.Release|Any CPU.Deploy.0 = Release|Any CPU
		{CC071369-C4D5-41CB-95BB-7973917961E7}.Release|ARM.ActiveCfg = Release|Any CPU
		{CC071369-C4D5-41CB-95BB-7973917961E7}.Release|ARM.Build.0 = Release|Any CPU
		{CC071369-C4D5-41CB-95BB-7973917961E7}.Release|ARM.Deploy.0 = Release|Any CPU
		{CC071369-C4D5-41CB-95BB-7973917961E7}.Release|iPhone.ActiveCfg = Release|Any CPU
		{CC071369-C4D5-41CB-95BB-7973917961E7}.Release|iPhone.Build.0 = Release|Any CPU
		{CC071369-C4D5-41CB-95BB-7973917961E7}.Release|iPhone.Deploy.0 = Release|Any CPU
		{CC071369-C4D5-41CB-95BB-7973917961E7}.Release|iPhoneSimulator.ActiveCfg = Release|Any CPU
		{CC071369-C4D5-41CB-95BB-7973917961E7}.Release|iPhoneSimulator.Build.0 = Release|Any CPU
		{CC071369-C4D5-41CB-95BB-7973917961E7}.Release|iPhoneSimulator.Deploy.0 = Release|Any CPU
		{CC071369-C4D5-41CB-95BB-7973917961E7}.Release|x64.ActiveCfg = Release|Any CPU
		{CC071369-C4D5-41CB-95BB-7973917961E7}.Release|x64.Build.0 = Release|Any CPU
		{CC071369-C4D5-41CB-95BB-7973917961E7}.Release|x64.Deploy.0 = Release|Any CPU
		{CC071369-C4D5-41CB-95BB-7973917961E7}.Release|x86.ActiveCfg = Release|Any CPU
		{CC071369-C4D5-41CB-95BB-7973917961E7}.Release|x86.Build.0 = Release|Any CPU
		{CC071369-C4D5-41CB-95BB-7973917961E7}.Release|x86.Deploy.0 = Release|Any CPU
		{44E748AB-2881-41B7-A400-9FB502F72AE3}.Ad-Hoc|Any CPU.ActiveCfg = Release|Any CPU
		{44E748AB-2881-41B7-A400-9FB502F72AE3}.Ad-Hoc|Any CPU.Build.0 = Release|Any CPU
		{44E748AB-2881-41B7-A400-9FB502F72AE3}.Ad-Hoc|ARM.ActiveCfg = Release|Any CPU
		{44E748AB-2881-41B7-A400-9FB502F72AE3}.Ad-Hoc|ARM.Build.0 = Release|Any CPU
		{44E748AB-2881-41B7-A400-9FB502F72AE3}.Ad-Hoc|iPhone.ActiveCfg = Release|Any CPU
		{44E748AB-2881-41B7-A400-9FB502F72AE3}.Ad-Hoc|iPhone.Build.0 = Release|Any CPU
		{44E748AB-2881-41B7-A400-9FB502F72AE3}.Ad-Hoc|iPhoneSimulator.ActiveCfg = Release|Any CPU
		{44E748AB-2881-41B7-A400-9FB502F72AE3}.Ad-Hoc|iPhoneSimulator.Build.0 = Release|Any CPU
		{44E748AB-2881-41B7-A400-9FB502F72AE3}.Ad-Hoc|x64.ActiveCfg = Release|Any CPU
		{44E748AB-2881-41B7-A400-9FB502F72AE3}.Ad-Hoc|x64.Build.0 = Release|Any CPU
		{44E748AB-2881-41B7-A400-9FB502F72AE3}.Ad-Hoc|x86.ActiveCfg = Release|Any CPU
		{44E748AB-2881-41B7-A400-9FB502F72AE3}.Ad-Hoc|x86.Build.0 = Release|Any CPU
		{44E748AB-2881-41B7-A400-9FB502F72AE3}.AppStore|Any CPU.ActiveCfg = Release|Any CPU
		{44E748AB-2881-41B7-A400-9FB502F72AE3}.AppStore|Any CPU.Build.0 = Release|Any CPU
		{44E748AB-2881-41B7-A400-9FB502F72AE3}.AppStore|ARM.ActiveCfg = Release|Any CPU
		{44E748AB-2881-41B7-A400-9FB502F72AE3}.AppStore|ARM.Build.0 = Release|Any CPU
		{44E748AB-2881-41B7-A400-9FB502F72AE3}.AppStore|iPhone.ActiveCfg = Release|Any CPU
		{44E748AB-2881-41B7-A400-9FB502F72AE3}.AppStore|iPhone.Build.0 = Release|Any CPU
		{44E748AB-2881-41B7-A400-9FB502F72AE3}.AppStore|iPhoneSimulator.ActiveCfg = Release|Any CPU
		{44E748AB-2881-41B7-A400-9FB502F72AE3}.AppStore|iPhoneSimulator.Build.0 = Release|Any CPU
		{44E748AB-2881-41B7-A400-9FB502F72AE3}.AppStore|x64.ActiveCfg = Release|Any CPU
		{44E748AB-2881-41B7-A400-9FB502F72AE3}.AppStore|x64.Build.0 = Release|Any CPU
		{44E748AB-2881-41B7-A400-9FB502F72AE3}.AppStore|x86.ActiveCfg = Release|Any CPU
		{44E748AB-2881-41B7-A400-9FB502F72AE3}.AppStore|x86.Build.0 = Release|Any CPU
		{44E748AB-2881-41B7-A400-9FB502F72AE3}.Debug|Any CPU.ActiveCfg = Debug|Any CPU
		{44E748AB-2881-41B7-A400-9FB502F72AE3}.Debug|Any CPU.Build.0 = Debug|Any CPU
		{44E748AB-2881-41B7-A400-9FB502F72AE3}.Debug|ARM.ActiveCfg = Debug|Any CPU
		{44E748AB-2881-41B7-A400-9FB502F72AE3}.Debug|ARM.Build.0 = Debug|Any CPU
		{44E748AB-2881-41B7-A400-9FB502F72AE3}.Debug|iPhone.ActiveCfg = Debug|Any CPU
		{44E748AB-2881-41B7-A400-9FB502F72AE3}.Debug|iPhone.Build.0 = Debug|Any CPU
		{44E748AB-2881-41B7-A400-9FB502F72AE3}.Debug|iPhoneSimulator.ActiveCfg = Debug|Any CPU
		{44E748AB-2881-41B7-A400-9FB502F72AE3}.Debug|iPhoneSimulator.Build.0 = Debug|Any CPU
		{44E748AB-2881-41B7-A400-9FB502F72AE3}.Debug|x64.ActiveCfg = Debug|Any CPU
		{44E748AB-2881-41B7-A400-9FB502F72AE3}.Debug|x64.Build.0 = Debug|Any CPU
		{44E748AB-2881-41B7-A400-9FB502F72AE3}.Debug|x86.ActiveCfg = Debug|Any CPU
		{44E748AB-2881-41B7-A400-9FB502F72AE3}.Debug|x86.Build.0 = Debug|Any CPU
		{44E748AB-2881-41B7-A400-9FB502F72AE3}.Release|Any CPU.ActiveCfg = Release|Any CPU
		{44E748AB-2881-41B7-A400-9FB502F72AE3}.Release|Any CPU.Build.0 = Release|Any CPU
		{44E748AB-2881-41B7-A400-9FB502F72AE3}.Release|ARM.ActiveCfg = Release|Any CPU
		{44E748AB-2881-41B7-A400-9FB502F72AE3}.Release|ARM.Build.0 = Release|Any CPU
		{44E748AB-2881-41B7-A400-9FB502F72AE3}.Release|iPhone.ActiveCfg = Release|Any CPU
		{44E748AB-2881-41B7-A400-9FB502F72AE3}.Release|iPhone.Build.0 = Release|Any CPU
		{44E748AB-2881-41B7-A400-9FB502F72AE3}.Release|iPhoneSimulator.ActiveCfg = Release|Any CPU
		{44E748AB-2881-41B7-A400-9FB502F72AE3}.Release|iPhoneSimulator.Build.0 = Release|Any CPU
		{44E748AB-2881-41B7-A400-9FB502F72AE3}.Release|x64.ActiveCfg = Release|Any CPU
		{44E748AB-2881-41B7-A400-9FB502F72AE3}.Release|x64.Build.0 = Release|Any CPU
		{44E748AB-2881-41B7-A400-9FB502F72AE3}.Release|x86.ActiveCfg = Release|Any CPU
		{44E748AB-2881-41B7-A400-9FB502F72AE3}.Release|x86.Build.0 = Release|Any CPU
		{3B6929A9-E2BE-43DA-85B7-F4FFE6E5A42F}.Ad-Hoc|Any CPU.ActiveCfg = Release|x86
		{3B6929A9-E2BE-43DA-85B7-F4FFE6E5A42F}.Ad-Hoc|Any CPU.Build.0 = Release|x86
		{3B6929A9-E2BE-43DA-85B7-F4FFE6E5A42F}.Ad-Hoc|Any CPU.Deploy.0 = Release|x86
		{3B6929A9-E2BE-43DA-85B7-F4FFE6E5A42F}.Ad-Hoc|ARM.ActiveCfg = Release|ARM
		{3B6929A9-E2BE-43DA-85B7-F4FFE6E5A42F}.Ad-Hoc|ARM.Build.0 = Release|ARM
		{3B6929A9-E2BE-43DA-85B7-F4FFE6E5A42F}.Ad-Hoc|ARM.Deploy.0 = Release|ARM
		{3B6929A9-E2BE-43DA-85B7-F4FFE6E5A42F}.Ad-Hoc|iPhone.ActiveCfg = Release|x86
		{3B6929A9-E2BE-43DA-85B7-F4FFE6E5A42F}.Ad-Hoc|iPhone.Build.0 = Release|x86
		{3B6929A9-E2BE-43DA-85B7-F4FFE6E5A42F}.Ad-Hoc|iPhone.Deploy.0 = Release|x86
		{3B6929A9-E2BE-43DA-85B7-F4FFE6E5A42F}.Ad-Hoc|iPhoneSimulator.ActiveCfg = Release|x86
		{3B6929A9-E2BE-43DA-85B7-F4FFE6E5A42F}.Ad-Hoc|iPhoneSimulator.Build.0 = Release|x86
		{3B6929A9-E2BE-43DA-85B7-F4FFE6E5A42F}.Ad-Hoc|iPhoneSimulator.Deploy.0 = Release|x86
		{3B6929A9-E2BE-43DA-85B7-F4FFE6E5A42F}.Ad-Hoc|x64.ActiveCfg = Release|x64
		{3B6929A9-E2BE-43DA-85B7-F4FFE6E5A42F}.Ad-Hoc|x64.Build.0 = Release|x64
		{3B6929A9-E2BE-43DA-85B7-F4FFE6E5A42F}.Ad-Hoc|x64.Deploy.0 = Release|x64
		{3B6929A9-E2BE-43DA-85B7-F4FFE6E5A42F}.Ad-Hoc|x86.ActiveCfg = Release|x86
		{3B6929A9-E2BE-43DA-85B7-F4FFE6E5A42F}.Ad-Hoc|x86.Build.0 = Release|x86
		{3B6929A9-E2BE-43DA-85B7-F4FFE6E5A42F}.Ad-Hoc|x86.Deploy.0 = Release|x86
		{3B6929A9-E2BE-43DA-85B7-F4FFE6E5A42F}.AppStore|Any CPU.ActiveCfg = Release|x86
		{3B6929A9-E2BE-43DA-85B7-F4FFE6E5A42F}.AppStore|Any CPU.Build.0 = Release|x86
		{3B6929A9-E2BE-43DA-85B7-F4FFE6E5A42F}.AppStore|Any CPU.Deploy.0 = Release|x86
		{3B6929A9-E2BE-43DA-85B7-F4FFE6E5A42F}.AppStore|ARM.ActiveCfg = Release|ARM
		{3B6929A9-E2BE-43DA-85B7-F4FFE6E5A42F}.AppStore|ARM.Build.0 = Release|ARM
		{3B6929A9-E2BE-43DA-85B7-F4FFE6E5A42F}.AppStore|ARM.Deploy.0 = Release|ARM
		{3B6929A9-E2BE-43DA-85B7-F4FFE6E5A42F}.AppStore|iPhone.ActiveCfg = Release|x86
		{3B6929A9-E2BE-43DA-85B7-F4FFE6E5A42F}.AppStore|iPhone.Build.0 = Release|x86
		{3B6929A9-E2BE-43DA-85B7-F4FFE6E5A42F}.AppStore|iPhone.Deploy.0 = Release|x86
		{3B6929A9-E2BE-43DA-85B7-F4FFE6E5A42F}.AppStore|iPhoneSimulator.ActiveCfg = Release|x86
		{3B6929A9-E2BE-43DA-85B7-F4FFE6E5A42F}.AppStore|iPhoneSimulator.Build.0 = Release|x86
		{3B6929A9-E2BE-43DA-85B7-F4FFE6E5A42F}.AppStore|iPhoneSimulator.Deploy.0 = Release|x86
		{3B6929A9-E2BE-43DA-85B7-F4FFE6E5A42F}.AppStore|x64.ActiveCfg = Release|x64
		{3B6929A9-E2BE-43DA-85B7-F4FFE6E5A42F}.AppStore|x64.Build.0 = Release|x64
		{3B6929A9-E2BE-43DA-85B7-F4FFE6E5A42F}.AppStore|x64.Deploy.0 = Release|x64
		{3B6929A9-E2BE-43DA-85B7-F4FFE6E5A42F}.AppStore|x86.ActiveCfg = Release|x86
		{3B6929A9-E2BE-43DA-85B7-F4FFE6E5A42F}.AppStore|x86.Build.0 = Release|x86
		{3B6929A9-E2BE-43DA-85B7-F4FFE6E5A42F}.AppStore|x86.Deploy.0 = Release|x86
		{3B6929A9-E2BE-43DA-85B7-F4FFE6E5A42F}.Debug|Any CPU.ActiveCfg = Debug|x86
		{3B6929A9-E2BE-43DA-85B7-F4FFE6E5A42F}.Debug|ARM.ActiveCfg = Debug|ARM
		{3B6929A9-E2BE-43DA-85B7-F4FFE6E5A42F}.Debug|ARM.Build.0 = Debug|ARM
		{3B6929A9-E2BE-43DA-85B7-F4FFE6E5A42F}.Debug|ARM.Deploy.0 = Debug|ARM
		{3B6929A9-E2BE-43DA-85B7-F4FFE6E5A42F}.Debug|iPhone.ActiveCfg = Debug|x86
		{3B6929A9-E2BE-43DA-85B7-F4FFE6E5A42F}.Debug|iPhoneSimulator.ActiveCfg = Debug|x86
		{3B6929A9-E2BE-43DA-85B7-F4FFE6E5A42F}.Debug|x64.ActiveCfg = Debug|x64
		{3B6929A9-E2BE-43DA-85B7-F4FFE6E5A42F}.Debug|x64.Build.0 = Debug|x64
		{3B6929A9-E2BE-43DA-85B7-F4FFE6E5A42F}.Debug|x64.Deploy.0 = Debug|x64
		{3B6929A9-E2BE-43DA-85B7-F4FFE6E5A42F}.Debug|x86.ActiveCfg = Debug|x86
		{3B6929A9-E2BE-43DA-85B7-F4FFE6E5A42F}.Debug|x86.Build.0 = Debug|x86
		{3B6929A9-E2BE-43DA-85B7-F4FFE6E5A42F}.Debug|x86.Deploy.0 = Debug|x86
		{3B6929A9-E2BE-43DA-85B7-F4FFE6E5A42F}.Release|Any CPU.ActiveCfg = Release|x86
		{3B6929A9-E2BE-43DA-85B7-F4FFE6E5A42F}.Release|ARM.ActiveCfg = Release|ARM
		{3B6929A9-E2BE-43DA-85B7-F4FFE6E5A42F}.Release|ARM.Build.0 = Release|ARM
		{3B6929A9-E2BE-43DA-85B7-F4FFE6E5A42F}.Release|ARM.Deploy.0 = Release|ARM
		{3B6929A9-E2BE-43DA-85B7-F4FFE6E5A42F}.Release|iPhone.ActiveCfg = Release|x86
		{3B6929A9-E2BE-43DA-85B7-F4FFE6E5A42F}.Release|iPhoneSimulator.ActiveCfg = Release|x86
		{3B6929A9-E2BE-43DA-85B7-F4FFE6E5A42F}.Release|x64.ActiveCfg = Release|x64
		{3B6929A9-E2BE-43DA-85B7-F4FFE6E5A42F}.Release|x64.Build.0 = Release|x64
		{3B6929A9-E2BE-43DA-85B7-F4FFE6E5A42F}.Release|x64.Deploy.0 = Release|x64
		{3B6929A9-E2BE-43DA-85B7-F4FFE6E5A42F}.Release|x86.ActiveCfg = Release|x86
		{3B6929A9-E2BE-43DA-85B7-F4FFE6E5A42F}.Release|x86.Build.0 = Release|x86
		{3B6929A9-E2BE-43DA-85B7-F4FFE6E5A42F}.Release|x86.Deploy.0 = Release|x86
		{D1541AD4-454F-4BA9-83BC-935AE6AEB1FC}.Ad-Hoc|Any CPU.ActiveCfg = Ad-Hoc|iPhone
		{D1541AD4-454F-4BA9-83BC-935AE6AEB1FC}.Ad-Hoc|ARM.ActiveCfg = Ad-Hoc|iPhone
		{D1541AD4-454F-4BA9-83BC-935AE6AEB1FC}.Ad-Hoc|iPhone.ActiveCfg = Ad-Hoc|iPhone
		{D1541AD4-454F-4BA9-83BC-935AE6AEB1FC}.Ad-Hoc|iPhone.Build.0 = Ad-Hoc|iPhone
		{D1541AD4-454F-4BA9-83BC-935AE6AEB1FC}.Ad-Hoc|iPhoneSimulator.ActiveCfg = Ad-Hoc|iPhoneSimulator
		{D1541AD4-454F-4BA9-83BC-935AE6AEB1FC}.Ad-Hoc|iPhoneSimulator.Build.0 = Ad-Hoc|iPhoneSimulator
		{D1541AD4-454F-4BA9-83BC-935AE6AEB1FC}.Ad-Hoc|x64.ActiveCfg = Ad-Hoc|iPhone
		{D1541AD4-454F-4BA9-83BC-935AE6AEB1FC}.Ad-Hoc|x86.ActiveCfg = Ad-Hoc|iPhone
		{D1541AD4-454F-4BA9-83BC-935AE6AEB1FC}.AppStore|Any CPU.ActiveCfg = AppStore|iPhone
		{D1541AD4-454F-4BA9-83BC-935AE6AEB1FC}.AppStore|ARM.ActiveCfg = AppStore|iPhone
		{D1541AD4-454F-4BA9-83BC-935AE6AEB1FC}.AppStore|iPhone.ActiveCfg = AppStore|iPhone
		{D1541AD4-454F-4BA9-83BC-935AE6AEB1FC}.AppStore|iPhone.Build.0 = AppStore|iPhone
		{D1541AD4-454F-4BA9-83BC-935AE6AEB1FC}.AppStore|iPhoneSimulator.ActiveCfg = AppStore|iPhoneSimulator
		{D1541AD4-454F-4BA9-83BC-935AE6AEB1FC}.AppStore|iPhoneSimulator.Build.0 = AppStore|iPhoneSimulator
		{D1541AD4-454F-4BA9-83BC-935AE6AEB1FC}.AppStore|x64.ActiveCfg = AppStore|iPhone
		{D1541AD4-454F-4BA9-83BC-935AE6AEB1FC}.AppStore|x86.ActiveCfg = AppStore|iPhone
		{D1541AD4-454F-4BA9-83BC-935AE6AEB1FC}.Debug|Any CPU.ActiveCfg = Debug|iPhone
		{D1541AD4-454F-4BA9-83BC-935AE6AEB1FC}.Debug|ARM.ActiveCfg = Debug|iPhone
		{D1541AD4-454F-4BA9-83BC-935AE6AEB1FC}.Debug|iPhone.ActiveCfg = Debug|iPhone
		{D1541AD4-454F-4BA9-83BC-935AE6AEB1FC}.Debug|iPhone.Build.0 = Debug|iPhone
		{D1541AD4-454F-4BA9-83BC-935AE6AEB1FC}.Debug|iPhoneSimulator.ActiveCfg = Debug|iPhoneSimulator
		{D1541AD4-454F-4BA9-83BC-935AE6AEB1FC}.Debug|iPhoneSimulator.Build.0 = Debug|iPhoneSimulator
		{D1541AD4-454F-4BA9-83BC-935AE6AEB1FC}.Debug|x64.ActiveCfg = Debug|iPhone
		{D1541AD4-454F-4BA9-83BC-935AE6AEB1FC}.Debug|x86.ActiveCfg = Debug|iPhone
		{D1541AD4-454F-4BA9-83BC-935AE6AEB1FC}.Release|Any CPU.ActiveCfg = Release|iPhone
		{D1541AD4-454F-4BA9-83BC-935AE6AEB1FC}.Release|ARM.ActiveCfg = Release|iPhone
		{D1541AD4-454F-4BA9-83BC-935AE6AEB1FC}.Release|iPhone.ActiveCfg = Release|iPhone
		{D1541AD4-454F-4BA9-83BC-935AE6AEB1FC}.Release|iPhone.Build.0 = Release|iPhone
		{D1541AD4-454F-4BA9-83BC-935AE6AEB1FC}.Release|iPhoneSimulator.ActiveCfg = Release|iPhoneSimulator
		{D1541AD4-454F-4BA9-83BC-935AE6AEB1FC}.Release|iPhoneSimulator.Build.0 = Release|iPhoneSimulator
		{D1541AD4-454F-4BA9-83BC-935AE6AEB1FC}.Release|x64.ActiveCfg = Release|iPhone
		{D1541AD4-454F-4BA9-83BC-935AE6AEB1FC}.Release|x86.ActiveCfg = Release|iPhone
	EndGlobalSection
	GlobalSection(SolutionProperties) = preSolution
		HideSolutionNode = FALSE
	EndGlobalSection
EndGlobal
