
Microsoft Visual Studio Solution File, Format Version 12.00
# Visual Studio 15
VisualStudioVersion = 15.0.26430.15
MinimumVisualStudioVersion = 10.0.40219.1
Project("{FAE04EC0-301F-11D3-BF4B-00C04F79EFBC}") = "Samples.Android", "Samples\Samples.Android\Samples.Android.csproj", "{137FA805-343B-4F66-8CDB-E1379C4FEACE}"
EndProject
Project("{FAE04EC0-301F-11D3-BF4B-00C04F79EFBC}") = "Samples", "Samples\Samples\Samples.csproj", "{DC6A899F-270C-4A32-8826-E2C1B9895CAA}"
EndProject
Project("{FAE04EC0-301F-11D3-BF4B-00C04F79EFBC}") = "Samples.UWP", "Samples\Samples.UWP\Samples.UWP.csproj", "{7A66DE06-569D-4A5F-A122-5575E37B655B}"
EndProject
Project("{FAE04EC0-301F-11D3-BF4B-00C04F79EFBC}") = "Samples.iOS", "Samples\Samples.iOS\Samples.iOS.csproj", "{F0E2FB0B-39AE-4BF3-A604-46431C1CD332}"
EndProject
Global
	GlobalSection(SolutionConfigurationPlatforms) = preSolution
		Ad-Hoc|Any CPU = Ad-Hoc|Any CPU
		Ad-Hoc|ARM = Ad-Hoc|ARM
		Ad-Hoc|iPhone = Ad-Hoc|iPhone
		Ad-Hoc|iPhoneSimulator = Ad-Hoc|iPhoneSimulator
		Ad-Hoc|x64 = Ad-Hoc|x64
		Ad-Hoc|x86 = Ad-Hoc|x86
		AppStore|Any CPU = AppStore|Any CPU
		AppStore|ARM = AppStore|ARM
		AppStore|iPhone = AppStore|iPhone
		AppStore|iPhoneSimulator = AppStore|iPhoneSimulator
		AppStore|x64 = AppStore|x64
		AppStore|x86 = AppStore|x86
		Debug|Any CPU = Debug|Any CPU
		Debug|ARM = Debug|ARM
		Debug|iPhone = Debug|iPhone
		Debug|iPhoneSimulator = Debug|iPhoneSimulator
		Debug|x64 = Debug|x64
		Debug|x86 = Debug|x86
		Release|Any CPU = Release|Any CPU
		Release|ARM = Release|ARM
		Release|iPhone = Release|iPhone
		Release|iPhoneSimulator = Release|iPhoneSimulator
		Release|x64 = Release|x64
		Release|x86 = Release|x86
	EndGlobalSection
	GlobalSection(ProjectConfigurationPlatforms) = postSolution
		{137FA805-343B-4F66-8CDB-E1379C4FEACE}.Ad-Hoc|Any CPU.ActiveCfg = Release|Any CPU
		{137FA805-343B-4F66-8CDB-E1379C4FEACE}.Ad-Hoc|Any CPU.Build.0 = Release|Any CPU
		{137FA805-343B-4F66-8CDB-E1379C4FEACE}.Ad-Hoc|Any CPU.Deploy.0 = Release|Any CPU
		{137FA805-343B-4F66-8CDB-E1379C4FEACE}.Ad-Hoc|ARM.ActiveCfg = Release|Any CPU
		{137FA805-343B-4F66-8CDB-E1379C4FEACE}.Ad-Hoc|ARM.Build.0 = Release|Any CPU
		{137FA805-343B-4F66-8CDB-E1379C4FEACE}.Ad-Hoc|ARM.Deploy.0 = Release|Any CPU
		{137FA805-343B-4F66-8CDB-E1379C4FEACE}.Ad-Hoc|iPhone.ActiveCfg = Release|Any CPU
		{137FA805-343B-4F66-8CDB-E1379C4FEACE}.Ad-Hoc|iPhone.Build.0 = Release|Any CPU
		{137FA805-343B-4F66-8CDB-E1379C4FEACE}.Ad-Hoc|iPhone.Deploy.0 = Release|Any CPU
		{137FA805-343B-4F66-8CDB-E1379C4FEACE}.Ad-Hoc|iPhoneSimulator.ActiveCfg = Release|Any CPU
		{137FA805-343B-4F66-8CDB-E1379C4FEACE}.Ad-Hoc|iPhoneSimulator.Build.0 = Release|Any CPU
		{137FA805-343B-4F66-8CDB-E1379C4FEACE}.Ad-Hoc|iPhoneSimulator.Deploy.0 = Release|Any CPU
		{137FA805-343B-4F66-8CDB-E1379C4FEACE}.Ad-Hoc|x64.ActiveCfg = Release|Any CPU
		{137FA805-343B-4F66-8CDB-E1379C4FEACE}.Ad-Hoc|x64.Build.0 = Release|Any CPU
		{137FA805-343B-4F66-8CDB-E1379C4FEACE}.Ad-Hoc|x64.Deploy.0 = Release|Any CPU
		{137FA805-343B-4F66-8CDB-E1379C4FEACE}.Ad-Hoc|x86.ActiveCfg = Release|Any CPU
		{137FA805-343B-4F66-8CDB-E1379C4FEACE}.Ad-Hoc|x86.Build.0 = Release|Any CPU
		{137FA805-343B-4F66-8CDB-E1379C4FEACE}.Ad-Hoc|x86.Deploy.0 = Release|Any CPU
		{137FA805-343B-4F66-8CDB-E1379C4FEACE}.AppStore|Any CPU.ActiveCfg = Release|Any CPU
		{137FA805-343B-4F66-8CDB-E1379C4FEACE}.AppStore|Any CPU.Build.0 = Release|Any CPU
		{137FA805-343B-4F66-8CDB-E1379C4FEACE}.AppStore|Any CPU.Deploy.0 = Release|Any CPU
		{137FA805-343B-4F66-8CDB-E1379C4FEACE}.AppStore|ARM.ActiveCfg = Release|Any CPU
		{137FA805-343B-4F66-8CDB-E1379C4FEACE}.AppStore|ARM.Build.0 = Release|Any CPU
		{137FA805-343B-4F66-8CDB-E1379C4FEACE}.AppStore|ARM.Deploy.0 = Release|Any CPU
		{137FA805-343B-4F66-8CDB-E1379C4FEACE}.AppStore|iPhone.ActiveCfg = Release|Any CPU
		{137FA805-343B-4F66-8CDB-E1379C4FEACE}.AppStore|iPhone.Build.0 = Release|Any CPU
		{137FA805-343B-4F66-8CDB-E1379C4FEACE}.AppStore|iPhone.Deploy.0 = Release|Any CPU
		{137FA805-343B-4F66-8CDB-E1379C4FEACE}.AppStore|iPhoneSimulator.ActiveCfg = Release|Any CPU
		{137FA805-343B-4F66-8CDB-E1379C4FEACE}.AppStore|iPhoneSimulator.Build.0 = Release|Any CPU
		{137FA805-343B-4F66-8CDB-E1379C4FEACE}.AppStore|iPhoneSimulator.Deploy.0 = Release|Any CPU
		{137FA805-343B-4F66-8CDB-E1379C4FEACE}.AppStore|x64.ActiveCfg = Release|Any CPU
		{137FA805-343B-4F66-8CDB-E1379C4FEACE}.AppStore|x64.Build.0 = Release|Any CPU
		{137FA805-343B-4F66-8CDB-E1379C4FEACE}.AppStore|x64.Deploy.0 = Release|Any CPU
		{137FA805-343B-4F66-8CDB-E1379C4FEACE}.AppStore|x86.ActiveCfg = Release|Any CPU
		{137FA805-343B-4F66-8CDB-E1379C4FEACE}.AppStore|x86.Build.0 = Release|Any CPU
		{137FA805-343B-4F66-8CDB-E1379C4FEACE}.AppStore|x86.Deploy.0 = Release|Any CPU
		{137FA805-343B-4F66-8CDB-E1379C4FEACE}.Debug|Any CPU.ActiveCfg = Debug|Any CPU
		{137FA805-343B-4F66-8CDB-E1379C4FEACE}.Debug|Any CPU.Build.0 = Debug|Any CPU
		{137FA805-343B-4F66-8CDB-E1379C4FEACE}.Debug|Any CPU.Deploy.0 = Debug|Any CPU
		{137FA805-343B-4F66-8CDB-E1379C4FEACE}.Debug|ARM.ActiveCfg = Debug|Any CPU
		{137FA805-343B-4F66-8CDB-E1379C4FEACE}.Debug|ARM.Build.0 = Debug|Any CPU
		{137FA805-343B-4F66-8CDB-E1379C4FEACE}.Debug|ARM.Deploy.0 = Debug|Any CPU
		{137FA805-343B-4F66-8CDB-E1379C4FEACE}.Debug|iPhone.ActiveCfg = Debug|Any CPU
		{137FA805-343B-4F66-8CDB-E1379C4FEACE}.Debug|iPhone.Build.0 = Debug|Any CPU
		{137FA805-343B-4F66-8CDB-E1379C4FEACE}.Debug|iPhone.Deploy.0 = Debug|Any CPU
		{137FA805-343B-4F66-8CDB-E1379C4FEACE}.Debug|iPhoneSimulator.ActiveCfg = Debug|Any CPU
		{137FA805-343B-4F66-8CDB-E1379C4FEACE}.Debug|iPhoneSimulator.Build.0 = Debug|Any CPU
		{137FA805-343B-4F66-8CDB-E1379C4FEACE}.Debug|iPhoneSimulator.Deploy.0 = Debug|Any CPU
		{137FA805-343B-4F66-8CDB-E1379C4FEACE}.Debug|x64.ActiveCfg = Debug|Any CPU
		{137FA805-343B-4F66-8CDB-E1379C4FEACE}.Debug|x64.Build.0 = Debug|Any CPU
		{137FA805-343B-4F66-8CDB-E1379C4FEACE}.Debug|x64.Deploy.0 = Debug|Any CPU
		{137FA805-343B-4F66-8CDB-E1379C4FEACE}.Debug|x86.ActiveCfg = Debug|Any CPU
		{137FA805-343B-4F66-8CDB-E1379C4FEACE}.Debug|x86.Build.0 = Debug|Any CPU
		{137FA805-343B-4F66-8CDB-E1379C4FEACE}.Debug|x86.Deploy.0 = Debug|Any CPU
		{137FA805-343B-4F66-8CDB-E1379C4FEACE}.Release|Any CPU.ActiveCfg = Release|Any CPU
		{137FA805-343B-4F66-8CDB-E1379C4FEACE}.Release|Any CPU.Build.0 = Release|Any CPU
		{137FA805-343B-4F66-8CDB-E1379C4FEACE}.Release|Any CPU.Deploy.0 = Release|Any CPU
		{137FA805-343B-4F66-8CDB-E1379C4FEACE}.Release|ARM.ActiveCfg = Release|Any CPU
		{137FA805-343B-4F66-8CDB-E1379C4FEACE}.Release|ARM.Build.0 = Release|Any CPU
		{137FA805-343B-4F66-8CDB-E1379C4FEACE}.Release|ARM.Deploy.0 = Release|Any CPU
		{137FA805-343B-4F66-8CDB-E1379C4FEACE}.Release|iPhone.ActiveCfg = Release|Any CPU
		{137FA805-343B-4F66-8CDB-E1379C4FEACE}.Release|iPhone.Build.0 = Release|Any CPU
		{137FA805-343B-4F66-8CDB-E1379C4FEACE}.Release|iPhone.Deploy.0 = Release|Any CPU
		{137FA805-343B-4F66-8CDB-E1379C4FEACE}.Release|iPhoneSimulator.ActiveCfg = Release|Any CPU
		{137FA805-343B-4F66-8CDB-E1379C4FEACE}.Release|iPhoneSimulator.Build.0 = Release|Any CPU
		{137FA805-343B-4F66-8CDB-E1379C4FEACE}.Release|iPhoneSimulator.Deploy.0 = Release|Any CPU
		{137FA805-343B-4F66-8CDB-E1379C4FEACE}.Release|x64.ActiveCfg = Release|Any CPU
		{137FA805-343B-4F66-8CDB-E1379C4FEACE}.Release|x64.Build.0 = Release|Any CPU
		{137FA805-343B-4F66-8CDB-E1379C4FEACE}.Release|x64.Deploy.0 = Release|Any CPU
		{137FA805-343B-4F66-8CDB-E1379C4FEACE}.Release|x86.ActiveCfg = Release|Any CPU
		{137FA805-343B-4F66-8CDB-E1379C4FEACE}.Release|x86.Build.0 = Release|Any CPU
		{137FA805-343B-4F66-8CDB-E1379C4FEACE}.Release|x86.Deploy.0 = Release|Any CPU
		{DC6A899F-270C-4A32-8826-E2C1B9895CAA}.Ad-Hoc|Any CPU.ActiveCfg = Release|Any CPU
		{DC6A899F-270C-4A32-8826-E2C1B9895CAA}.Ad-Hoc|Any CPU.Build.0 = Release|Any CPU
		{DC6A899F-270C-4A32-8826-E2C1B9895CAA}.Ad-Hoc|ARM.ActiveCfg = Release|Any CPU
		{DC6A899F-270C-4A32-8826-E2C1B9895CAA}.Ad-Hoc|ARM.Build.0 = Release|Any CPU
		{DC6A899F-270C-4A32-8826-E2C1B9895CAA}.Ad-Hoc|iPhone.ActiveCfg = Release|Any CPU
		{DC6A899F-270C-4A32-8826-E2C1B9895CAA}.Ad-Hoc|iPhone.Build.0 = Release|Any CPU
		{DC6A899F-270C-4A32-8826-E2C1B9895CAA}.Ad-Hoc|iPhoneSimulator.ActiveCfg = Release|Any CPU
		{DC6A899F-270C-4A32-8826-E2C1B9895CAA}.Ad-Hoc|iPhoneSimulator.Build.0 = Release|Any CPU
		{DC6A899F-270C-4A32-8826-E2C1B9895CAA}.Ad-Hoc|x64.ActiveCfg = Release|Any CPU
		{DC6A899F-270C-4A32-8826-E2C1B9895CAA}.Ad-Hoc|x64.Build.0 = Release|Any CPU
		{DC6A899F-270C-4A32-8826-E2C1B9895CAA}.Ad-Hoc|x86.ActiveCfg = Release|Any CPU
		{DC6A899F-270C-4A32-8826-E2C1B9895CAA}.Ad-Hoc|x86.Build.0 = Release|Any CPU
		{DC6A899F-270C-4A32-8826-E2C1B9895CAA}.AppStore|Any CPU.ActiveCfg = Release|Any CPU
		{DC6A899F-270C-4A32-8826-E2C1B9895CAA}.AppStore|Any CPU.Build.0 = Release|Any CPU
		{DC6A899F-270C-4A32-8826-E2C1B9895CAA}.AppStore|ARM.ActiveCfg = Release|Any CPU
		{DC6A899F-270C-4A32-8826-E2C1B9895CAA}.AppStore|ARM.Build.0 = Release|Any CPU
		{DC6A899F-270C-4A32-8826-E2C1B9895CAA}.AppStore|iPhone.ActiveCfg = Release|Any CPU
		{DC6A899F-270C-4A32-8826-E2C1B9895CAA}.AppStore|iPhone.Build.0 = Release|Any CPU
		{DC6A899F-270C-4A32-8826-E2C1B9895CAA}.AppStore|iPhoneSimulator.ActiveCfg = Release|Any CPU
		{DC6A899F-270C-4A32-8826-E2C1B9895CAA}.AppStore|iPhoneSimulator.Build.0 = Release|Any CPU
		{DC6A899F-270C-4A32-8826-E2C1B9895CAA}.AppStore|x64.ActiveCfg = Release|Any CPU
		{DC6A899F-270C-4A32-8826-E2C1B9895CAA}.AppStore|x64.Build.0 = Release|Any CPU
		{DC6A899F-270C-4A32-8826-E2C1B9895CAA}.AppStore|x86.ActiveCfg = Release|Any CPU
		{DC6A899F-270C-4A32-8826-E2C1B9895CAA}.AppStore|x86.Build.0 = Release|Any CPU
		{DC6A899F-270C-4A32-8826-E2C1B9895CAA}.Debug|Any CPU.ActiveCfg = Debug|Any CPU
		{DC6A899F-270C-4A32-8826-E2C1B9895CAA}.Debug|Any CPU.Build.0 = Debug|Any CPU
		{DC6A899F-270C-4A32-8826-E2C1B9895CAA}.Debug|ARM.ActiveCfg = Debug|Any CPU
		{DC6A899F-270C-4A32-8826-E2C1B9895CAA}.Debug|ARM.Build.0 = Debug|Any CPU
		{DC6A899F-270C-4A32-8826-E2C1B9895CAA}.Debug|iPhone.ActiveCfg = Debug|Any CPU
		{DC6A899F-270C-4A32-8826-E2C1B9895CAA}.Debug|iPhone.Build.0 = Debug|Any CPU
		{DC6A899F-270C-4A32-8826-E2C1B9895CAA}.Debug|iPhoneSimulator.ActiveCfg = Debug|Any CPU
		{DC6A899F-270C-4A32-8826-E2C1B9895CAA}.Debug|iPhoneSimulator.Build.0 = Debug|Any CPU
		{DC6A899F-270C-4A32-8826-E2C1B9895CAA}.Debug|x64.ActiveCfg = Debug|Any CPU
		{DC6A899F-270C-4A32-8826-E2C1B9895CAA}.Debug|x64.Build.0 = Debug|Any CPU
		{DC6A899F-270C-4A32-8826-E2C1B9895CAA}.Debug|x86.ActiveCfg = Debug|Any CPU
		{DC6A899F-270C-4A32-8826-E2C1B9895CAA}.Debug|x86.Build.0 = Debug|Any CPU
		{DC6A899F-270C-4A32-8826-E2C1B9895CAA}.Release|Any CPU.ActiveCfg = Release|Any CPU
		{DC6A899F-270C-4A32-8826-E2C1B9895CAA}.Release|Any CPU.Build.0 = Release|Any CPU
		{DC6A899F-270C-4A32-8826-E2C1B9895CAA}.Release|ARM.ActiveCfg = Release|Any CPU
		{DC6A899F-270C-4A32-8826-E2C1B9895CAA}.Release|ARM.Build.0 = Release|Any CPU
		{DC6A899F-270C-4A32-8826-E2C1B9895CAA}.Release|iPhone.ActiveCfg = Release|Any CPU
		{DC6A899F-270C-4A32-8826-E2C1B9895CAA}.Release|iPhone.Build.0 = Release|Any CPU
		{DC6A899F-270C-4A32-8826-E2C1B9895CAA}.Release|iPhoneSimulator.ActiveCfg = Release|Any CPU
		{DC6A899F-270C-4A32-8826-E2C1B9895CAA}.Release|iPhoneSimulator.Build.0 = Release|Any CPU
		{DC6A899F-270C-4A32-8826-E2C1B9895CAA}.Release|x64.ActiveCfg = Release|Any CPU
		{DC6A899F-270C-4A32-8826-E2C1B9895CAA}.Release|x64.Build.0 = Release|Any CPU
		{DC6A899F-270C-4A32-8826-E2C1B9895CAA}.Release|x86.ActiveCfg = Release|Any CPU
		{DC6A899F-270C-4A32-8826-E2C1B9895CAA}.Release|x86.Build.0 = Release|Any CPU
		{7A66DE06-569D-4A5F-A122-5575E37B655B}.Ad-Hoc|Any CPU.ActiveCfg = Release|x86
		{7A66DE06-569D-4A5F-A122-5575E37B655B}.Ad-Hoc|Any CPU.Build.0 = Release|x86
		{7A66DE06-569D-4A5F-A122-5575E37B655B}.Ad-Hoc|Any CPU.Deploy.0 = Release|x86
		{7A66DE06-569D-4A5F-A122-5575E37B655B}.Ad-Hoc|ARM.ActiveCfg = Release|ARM
		{7A66DE06-569D-4A5F-A122-5575E37B655B}.Ad-Hoc|ARM.Build.0 = Release|ARM
		{7A66DE06-569D-4A5F-A122-5575E37B655B}.Ad-Hoc|ARM.Deploy.0 = Release|ARM
		{7A66DE06-569D-4A5F-A122-5575E37B655B}.Ad-Hoc|iPhone.ActiveCfg = Release|x86
		{7A66DE06-569D-4A5F-A122-5575E37B655B}.Ad-Hoc|iPhone.Build.0 = Release|x86
		{7A66DE06-569D-4A5F-A122-5575E37B655B}.Ad-Hoc|iPhone.Deploy.0 = Release|x86
		{7A66DE06-569D-4A5F-A122-5575E37B655B}.Ad-Hoc|iPhoneSimulator.ActiveCfg = Release|x86
		{7A66DE06-569D-4A5F-A122-5575E37B655B}.Ad-Hoc|iPhoneSimulator.Build.0 = Release|x86
		{7A66DE06-569D-4A5F-A122-5575E37B655B}.Ad-Hoc|iPhoneSimulator.Deploy.0 = Release|x86
		{7A66DE06-569D-4A5F-A122-5575E37B655B}.Ad-Hoc|x64.ActiveCfg = Release|x64
		{7A66DE06-569D-4A5F-A122-5575E37B655B}.Ad-Hoc|x64.Build.0 = Release|x64
		{7A66DE06-569D-4A5F-A122-5575E37B655B}.Ad-Hoc|x64.Deploy.0 = Release|x64
		{7A66DE06-569D-4A5F-A122-5575E37B655B}.Ad-Hoc|x86.ActiveCfg = Release|x86
		{7A66DE06-569D-4A5F-A122-5575E37B655B}.Ad-Hoc|x86.Build.0 = Release|x86
		{7A66DE06-569D-4A5F-A122-5575E37B655B}.Ad-Hoc|x86.Deploy.0 = Release|x86
		{7A66DE06-569D-4A5F-A122-5575E37B655B}.AppStore|Any CPU.ActiveCfg = Release|x86
		{7A66DE06-569D-4A5F-A122-5575E37B655B}.AppStore|Any CPU.Build.0 = Release|x86
		{7A66DE06-569D-4A5F-A122-5575E37B655B}.AppStore|Any CPU.Deploy.0 = Release|x86
		{7A66DE06-569D-4A5F-A122-5575E37B655B}.AppStore|ARM.ActiveCfg = Release|ARM
		{7A66DE06-569D-4A5F-A122-5575E37B655B}.AppStore|ARM.Build.0 = Release|ARM
		{7A66DE06-569D-4A5F-A122-5575E37B655B}.AppStore|ARM.Deploy.0 = Release|ARM
		{7A66DE06-569D-4A5F-A122-5575E37B655B}.AppStore|iPhone.ActiveCfg = Release|x86
		{7A66DE06-569D-4A5F-A122-5575E37B655B}.AppStore|iPhone.Build.0 = Release|x86
		{7A66DE06-569D-4A5F-A122-5575E37B655B}.AppStore|iPhone.Deploy.0 = Release|x86
		{7A66DE06-569D-4A5F-A122-5575E37B655B}.AppStore|iPhoneSimulator.ActiveCfg = Release|x86
		{7A66DE06-569D-4A5F-A122-5575E37B655B}.AppStore|iPhoneSimulator.Build.0 = Release|x86
		{7A66DE06-569D-4A5F-A122-5575E37B655B}.AppStore|iPhoneSimulator.Deploy.0 = Release|x86
		{7A66DE06-569D-4A5F-A122-5575E37B655B}.AppStore|x64.ActiveCfg = Release|x64
		{7A66DE06-569D-4A5F-A122-5575E37B655B}.AppStore|x64.Build.0 = Release|x64
		{7A66DE06-569D-4A5F-A122-5575E37B655B}.AppStore|x64.Deploy.0 = Release|x64
		{7A66DE06-569D-4A5F-A122-5575E37B655B}.AppStore|x86.ActiveCfg = Release|x86
		{7A66DE06-569D-4A5F-A122-5575E37B655B}.AppStore|x86.Build.0 = Release|x86
		{7A66DE06-569D-4A5F-A122-5575E37B655B}.AppStore|x86.Deploy.0 = Release|x86
		{7A66DE06-569D-4A5F-A122-5575E37B655B}.Debug|Any CPU.ActiveCfg = Debug|x86
		{7A66DE06-569D-4A5F-A122-5575E37B655B}.Debug|ARM.ActiveCfg = Debug|ARM
		{7A66DE06-569D-4A5F-A122-5575E37B655B}.Debug|ARM.Build.0 = Debug|ARM
		{7A66DE06-569D-4A5F-A122-5575E37B655B}.Debug|ARM.Deploy.0 = Debug|ARM
		{7A66DE06-569D-4A5F-A122-5575E37B655B}.Debug|iPhone.ActiveCfg = Debug|x86
		{7A66DE06-569D-4A5F-A122-5575E37B655B}.Debug|iPhoneSimulator.ActiveCfg = Debug|x86
		{7A66DE06-569D-4A5F-A122-5575E37B655B}.Debug|x64.ActiveCfg = Debug|x64
		{7A66DE06-569D-4A5F-A122-5575E37B655B}.Debug|x64.Build.0 = Debug|x64
		{7A66DE06-569D-4A5F-A122-5575E37B655B}.Debug|x64.Deploy.0 = Debug|x64
		{7A66DE06-569D-4A5F-A122-5575E37B655B}.Debug|x86.ActiveCfg = Debug|x86
		{7A66DE06-569D-4A5F-A122-5575E37B655B}.Debug|x86.Build.0 = Debug|x86
		{7A66DE06-569D-4A5F-A122-5575E37B655B}.Debug|x86.Deploy.0 = Debug|x86
		{7A66DE06-569D-4A5F-A122-5575E37B655B}.Release|Any CPU.ActiveCfg = Release|x86
		{7A66DE06-569D-4A5F-A122-5575E37B655B}.Release|ARM.ActiveCfg = Release|ARM
		{7A66DE06-569D-4A5F-A122-5575E37B655B}.Release|ARM.Build.0 = Release|ARM
		{7A66DE06-569D-4A5F-A122-5575E37B655B}.Release|ARM.Deploy.0 = Release|ARM
		{7A66DE06-569D-4A5F-A122-5575E37B655B}.Release|iPhone.ActiveCfg = Release|x86
		{7A66DE06-569D-4A5F-A122-5575E37B655B}.Release|iPhoneSimulator.ActiveCfg = Release|x86
		{7A66DE06-569D-4A5F-A122-5575E37B655B}.Release|x64.ActiveCfg = Release|x64
		{7A66DE06-569D-4A5F-A122-5575E37B655B}.Release|x64.Build.0 = Release|x64
		{7A66DE06-569D-4A5F-A122-5575E37B655B}.Release|x64.Deploy.0 = Release|x64
		{7A66DE06-569D-4A5F-A122-5575E37B655B}.Release|x86.ActiveCfg = Release|x86
		{7A66DE06-569D-4A5F-A122-5575E37B655B}.Release|x86.Build.0 = Release|x86
		{7A66DE06-569D-4A5F-A122-5575E37B655B}.Release|x86.Deploy.0 = Release|x86
		{F0E2FB0B-39AE-4BF3-A604-46431C1CD332}.Ad-Hoc|Any CPU.ActiveCfg = Ad-Hoc|iPhone
		{F0E2FB0B-39AE-4BF3-A604-46431C1CD332}.Ad-Hoc|ARM.ActiveCfg = Ad-Hoc|iPhone
		{F0E2FB0B-39AE-4BF3-A604-46431C1CD332}.Ad-Hoc|iPhone.ActiveCfg = Ad-Hoc|iPhone
		{F0E2FB0B-39AE-4BF3-A604-46431C1CD332}.Ad-Hoc|iPhone.Build.0 = Ad-Hoc|iPhone
		{F0E2FB0B-39AE-4BF3-A604-46431C1CD332}.Ad-Hoc|iPhoneSimulator.ActiveCfg = Ad-Hoc|iPhoneSimulator
		{F0E2FB0B-39AE-4BF3-A604-46431C1CD332}.Ad-Hoc|iPhoneSimulator.Build.0 = Ad-Hoc|iPhoneSimulator
		{F0E2FB0B-39AE-4BF3-A604-46431C1CD332}.Ad-Hoc|x64.ActiveCfg = Ad-Hoc|iPhone
		{F0E2FB0B-39AE-4BF3-A604-46431C1CD332}.Ad-Hoc|x86.ActiveCfg = Ad-Hoc|iPhone
		{F0E2FB0B-39AE-4BF3-A604-46431C1CD332}.AppStore|Any CPU.ActiveCfg = AppStore|iPhone
		{F0E2FB0B-39AE-4BF3-A604-46431C1CD332}.AppStore|ARM.ActiveCfg = AppStore|iPhone
		{F0E2FB0B-39AE-4BF3-A604-46431C1CD332}.AppStore|iPhone.ActiveCfg = AppStore|iPhone
		{F0E2FB0B-39AE-4BF3-A604-46431C1CD332}.AppStore|iPhone.Build.0 = AppStore|iPhone
		{F0E2FB0B-39AE-4BF3-A604-46431C1CD332}.AppStore|iPhoneSimulator.ActiveCfg = AppStore|iPhoneSimulator
		{F0E2FB0B-39AE-4BF3-A604-46431C1CD332}.AppStore|iPhoneSimulator.Build.0 = AppStore|iPhoneSimulator
		{F0E2FB0B-39AE-4BF3-A604-46431C1CD332}.AppStore|x64.ActiveCfg = AppStore|iPhone
		{F0E2FB0B-39AE-4BF3-A604-46431C1CD332}.AppStore|x86.ActiveCfg = AppStore|iPhone
		{F0E2FB0B-39AE-4BF3-A604-46431C1CD332}.Debug|Any CPU.ActiveCfg = Debug|iPhone
		{F0E2FB0B-39AE-4BF3-A604-46431C1CD332}.Debug|ARM.ActiveCfg = Debug|iPhone
		{F0E2FB0B-39AE-4BF3-A604-46431C1CD332}.Debug|iPhone.ActiveCfg = Debug|iPhone
		{F0E2FB0B-39AE-4BF3-A604-46431C1CD332}.Debug|iPhone.Build.0 = Debug|iPhone
		{F0E2FB0B-39AE-4BF3-A604-46431C1CD332}.Debug|iPhoneSimulator.ActiveCfg = Debug|iPhoneSimulator
		{F0E2FB0B-39AE-4BF3-A604-46431C1CD332}.Debug|iPhoneSimulator.Build.0 = Debug|iPhoneSimulator
		{F0E2FB0B-39AE-4BF3-A604-46431C1CD332}.Debug|x64.ActiveCfg = Debug|iPhone
		{F0E2FB0B-39AE-4BF3-A604-46431C1CD332}.Debug|x86.ActiveCfg = Debug|iPhone
		{F0E2FB0B-39AE-4BF3-A604-46431C1CD332}.Release|Any CPU.ActiveCfg = Release|iPhone
		{F0E2FB0B-39AE-4BF3-A604-46431C1CD332}.Release|ARM.ActiveCfg = Release|iPhone
		{F0E2FB0B-39AE-4BF3-A604-46431C1CD332}.Release|iPhone.ActiveCfg = Release|iPhone
		{F0E2FB0B-39AE-4BF3-A604-46431C1CD332}.Release|iPhone.Build.0 = Release|iPhone
		{F0E2FB0B-39AE-4BF3-A604-46431C1CD332}.Release|iPhoneSimulator.ActiveCfg = Release|iPhoneSimulator
		{F0E2FB0B-39AE-4BF3-A604-46431C1CD332}.Release|iPhoneSimulator.Build.0 = Release|iPhoneSimulator
		{F0E2FB0B-39AE-4BF3-A604-46431C1CD332}.Release|x64.ActiveCfg = Release|iPhone
		{F0E2FB0B-39AE-4BF3-A604-46431C1CD332}.Release|x86.ActiveCfg = Release|iPhone
	EndGlobalSection
	GlobalSection(SolutionProperties) = preSolution
		HideSolutionNode = FALSE
	EndGlobalSection
EndGlobal
