
Microsoft Visual Studio Solution File, Format Version 12.00
# Visual Studio 15
VisualStudioVersion = 15.0.26730.16
MinimumVisualStudioVersion = 10.0.40219.1
Project("{9A19103F-16F7-4668-BE54-9A1E7A4F7556}") = "XamNativeUtils", "XamNativeUtils\XamNativeUtils.csproj", "{B79DD9B7-ADB8-4898-868A-97E9D3673D76}"
EndProject
Project("{FAE04EC0-301F-11D3-BF4B-00C04F79EFBC}") = "XamNativeUtils.Droid", "XamNativeUtils.Droid\XamNativeUtils.Droid.csproj", "{8C444FB1-7BE7-42CF-B553-AB257456CFD7}"
EndProject
Project("{FAE04EC0-301F-11D3-BF4B-00C04F79EFBC}") = "XamNativeUtils.iOS", "XamNativeUtils.iOS\XamNativeUtils.iOS.csproj", "{CFE50BBF-4189-4764-89A8-8001AF4F9B3F}"
EndProject
Project("{FAE04EC0-301F-11D3-BF4B-00C04F79EFBC}") = "XamNativeUtils.UWP", "XamNativeUtils.UWP\XamNativeUtils.UWP.csproj", "{525B5581-7390-4EC2-8CC8-A3FCB6E516B8}"
EndProject
Global
	GlobalSection(SolutionConfigurationPlatforms) = preSolution
		Debug|Any CPU = Debug|Any CPU
		Debug|ARM = Debug|ARM
		Debug|x64 = Debug|x64
		Debug|x86 = Debug|x86
		Release|Any CPU = Release|Any CPU
		Release|ARM = Release|ARM
		Release|x64 = Release|x64
		Release|x86 = Release|x86
	EndGlobalSection
	GlobalSection(ProjectConfigurationPlatforms) = postSolution
		{B79DD9B7-ADB8-4898-868A-97E9D3673D76}.Debug|Any CPU.ActiveCfg = Debug|Any CPU
		{B79DD9B7-ADB8-4898-868A-97E9D3673D76}.Debug|Any CPU.Build.0 = Debug|Any CPU
		{B79DD9B7-ADB8-4898-868A-97E9D3673D76}.Debug|ARM.ActiveCfg = Debug|Any CPU
		{B79DD9B7-ADB8-4898-868A-97E9D3673D76}.Debug|ARM.Build.0 = Debug|Any CPU
		{B79DD9B7-ADB8-4898-868A-97E9D3673D76}.Debug|x64.ActiveCfg = Debug|Any CPU
		{B79DD9B7-ADB8-4898-868A-97E9D3673D76}.Debug|x64.Build.0 = Debug|Any CPU
		{B79DD9B7-ADB8-4898-868A-97E9D3673D76}.Debug|x86.ActiveCfg = Debug|Any CPU
		{B79DD9B7-ADB8-4898-868A-97E9D3673D76}.Debug|x86.Build.0 = Debug|Any CPU
		{B79DD9B7-ADB8-4898-868A-97E9D3673D76}.Release|Any CPU.ActiveCfg = Release|Any CPU
		{B79DD9B7-ADB8-4898-868A-97E9D3673D76}.Release|Any CPU.Build.0 = Release|Any CPU
		{B79DD9B7-ADB8-4898-868A-97E9D3673D76}.Release|ARM.ActiveCfg = Release|Any CPU
		{B79DD9B7-ADB8-4898-868A-97E9D3673D76}.Release|ARM.Build.0 = Release|Any CPU
		{B79DD9B7-ADB8-4898-868A-97E9D3673D76}.Release|x64.ActiveCfg = Release|Any CPU
		{B79DD9B7-ADB8-4898-868A-97E9D3673D76}.Release|x64.Build.0 = Release|Any CPU
		{B79DD9B7-ADB8-4898-868A-97E9D3673D76}.Release|x86.ActiveCfg = Release|Any CPU
		{B79DD9B7-ADB8-4898-868A-97E9D3673D76}.Release|x86.Build.0 = Release|Any CPU
		{8C444FB1-7BE7-42CF-B553-AB257456CFD7}.Debug|Any CPU.ActiveCfg = Debug|Any CPU
		{8C444FB1-7BE7-42CF-B553-AB257456CFD7}.Debug|Any CPU.Build.0 = Debug|Any CPU
		{8C444FB1-7BE7-42CF-B553-AB257456CFD7}.Debug|ARM.ActiveCfg = Debug|Any CPU
		{8C444FB1-7BE7-42CF-B553-AB257456CFD7}.Debug|ARM.Build.0 = Debug|Any CPU
		{8C444FB1-7BE7-42CF-B553-AB257456CFD7}.Debug|x64.ActiveCfg = Debug|Any CPU
		{8C444FB1-7BE7-42CF-B553-AB257456CFD7}.Debug|x64.Build.0 = Debug|Any CPU
		{8C444FB1-7BE7-42CF-B553-AB257456CFD7}.Debug|x86.ActiveCfg = Debug|Any CPU
		{8C444FB1-7BE7-42CF-B553-AB257456CFD7}.Debug|x86.Build.0 = Debug|Any CPU
		{8C444FB1-7BE7-42CF-B553-AB257456CFD7}.Release|Any CPU.ActiveCfg = Release|Any CPU
		{8C444FB1-7BE7-42CF-B553-AB257456CFD7}.Release|Any CPU.Build.0 = Release|Any CPU
		{8C444FB1-7BE7-42CF-B553-AB257456CFD7}.Release|ARM.ActiveCfg = Release|Any CPU
		{8C444FB1-7BE7-42CF-B553-AB257456CFD7}.Release|ARM.Build.0 = Release|Any CPU
		{8C444FB1-7BE7-42CF-B553-AB257456CFD7}.Release|x64.ActiveCfg = Release|Any CPU
		{8C444FB1-7BE7-42CF-B553-AB257456CFD7}.Release|x64.Build.0 = Release|Any CPU
		{8C444FB1-7BE7-42CF-B553-AB257456CFD7}.Release|x86.ActiveCfg = Release|Any CPU
		{8C444FB1-7BE7-42CF-B553-AB257456CFD7}.Release|x86.Build.0 = Release|Any CPU
		{CFE50BBF-4189-4764-89A8-8001AF4F9B3F}.Debug|Any CPU.ActiveCfg = Debug|Any CPU
		{CFE50BBF-4189-4764-89A8-8001AF4F9B3F}.Debug|Any CPU.Build.0 = Debug|Any CPU
		{CFE50BBF-4189-4764-89A8-8001AF4F9B3F}.Debug|ARM.ActiveCfg = Debug|Any CPU
		{CFE50BBF-4189-4764-89A8-8001AF4F9B3F}.Debug|ARM.Build.0 = Debug|Any CPU
		{CFE50BBF-4189-4764-89A8-8001AF4F9B3F}.Debug|x64.ActiveCfg = Debug|Any CPU
		{CFE50BBF-4189-4764-89A8-8001AF4F9B3F}.Debug|x64.Build.0 = Debug|Any CPU
		{CFE50BBF-4189-4764-89A8-8001AF4F9B3F}.Debug|x86.ActiveCfg = Debug|Any CPU
		{CFE50BBF-4189-4764-89A8-8001AF4F9B3F}.Debug|x86.Build.0 = Debug|Any CPU
		{CFE50BBF-4189-4764-89A8-8001AF4F9B3F}.Release|Any CPU.ActiveCfg = Release|Any CPU
		{CFE50BBF-4189-4764-89A8-8001AF4F9B3F}.Release|Any CPU.Build.0 = Release|Any CPU
		{CFE50BBF-4189-4764-89A8-8001AF4F9B3F}.Release|ARM.ActiveCfg = Release|Any CPU
		{CFE50BBF-4189-4764-89A8-8001AF4F9B3F}.Release|ARM.Build.0 = Release|Any CPU
		{CFE50BBF-4189-4764-89A8-8001AF4F9B3F}.Release|x64.ActiveCfg = Release|Any CPU
		{CFE50BBF-4189-4764-89A8-8001AF4F9B3F}.Release|x64.Build.0 = Release|Any CPU
		{CFE50BBF-4189-4764-89A8-8001AF4F9B3F}.Release|x86.ActiveCfg = Release|Any CPU
		{CFE50BBF-4189-4764-89A8-8001AF4F9B3F}.Release|x86.Build.0 = Release|Any CPU
		{525B5581-7390-4EC2-8CC8-A3FCB6E516B8}.Debug|Any CPU.ActiveCfg = Debug|Any CPU
		{525B5581-7390-4EC2-8CC8-A3FCB6E516B8}.Debug|Any CPU.Build.0 = Debug|Any CPU
		{525B5581-7390-4EC2-8CC8-A3FCB6E516B8}.Debug|ARM.ActiveCfg = Debug|ARM
		{525B5581-7390-4EC2-8CC8-A3FCB6E516B8}.Debug|ARM.Build.0 = Debug|ARM
		{525B5581-7390-4EC2-8CC8-A3FCB6E516B8}.Debug|x64.ActiveCfg = Debug|x64
		{525B5581-7390-4EC2-8CC8-A3FCB6E516B8}.Debug|x64.Build.0 = Debug|x64
		{525B5581-7390-4EC2-8CC8-A3FCB6E516B8}.Debug|x86.ActiveCfg = Debug|x86
		{525B5581-7390-4EC2-8CC8-A3FCB6E516B8}.Debug|x86.Build.0 = Debug|x86
		{525B5581-7390-4EC2-8CC8-A3FCB6E516B8}.Release|Any CPU.ActiveCfg = Release|Any CPU
		{525B5581-7390-4EC2-8CC8-A3FCB6E516B8}.Release|Any CPU.Build.0 = Release|Any CPU
		{525B5581-7390-4EC2-8CC8-A3FCB6E516B8}.Release|ARM.ActiveCfg = Release|ARM
		{525B5581-7390-4EC2-8CC8-A3FCB6E516B8}.Release|ARM.Build.0 = Release|ARM
		{525B5581-7390-4EC2-8CC8-A3FCB6E516B8}.Release|x64.ActiveCfg = Release|x64
		{525B5581-7390-4EC2-8CC8-A3FCB6E516B8}.Release|x64.Build.0 = Release|x64
		{525B5581-7390-4EC2-8CC8-A3FCB6E516B8}.Release|x86.ActiveCfg = Release|x86
		{525B5581-7390-4EC2-8CC8-A3FCB6E516B8}.Release|x86.Build.0 = Release|x86
	EndGlobalSection
	GlobalSection(SolutionProperties) = preSolution
		HideSolutionNode = FALSE
	EndGlobalSection
	GlobalSection(ExtensibilityGlobals) = postSolution
		SolutionGuid = {DA0D0850-DEB8-49D0-933E-122BDE45273F}
	EndGlobalSection
EndGlobal
